// !$*UTF8*$!
{
	archiveVersion = 1;
	classes = {
	};
	objectVersion = 56;
	objects = {

/* Begin PBXBuildFile section */
		DC2000A92B9F122700CF7DA4 /* Queue.swift in Sources */ = {isa = PBXBuildFile; fileRef = DC2000A82B9F122700CF7DA4 /* Queue.swift */; };
		DC7591022BB485940077F260 /* Logger.swift in Sources */ = {isa = PBXBuildFile; fileRef = DC7591012BB485940077F260 /* Logger.swift */; };
		DC7591042BB486B30077F260 /* LogLevel.swift in Sources */ = {isa = PBXBuildFile; fileRef = DC7591032BB486B30077F260 /* LogLevel.swift */; };
		DC7591062BB487660077F260 /* Context.swift in Sources */ = {isa = PBXBuildFile; fileRef = DC7591052BB487660077F260 /* Context.swift */; };
		DC801B802B9CCE0900A0F56A /* main.swift in Sources */ = {isa = PBXBuildFile; fileRef = DC801B7F2B9CCE0900A0F56A /* main.swift */; };
		DC801B8D2B9CCF1600A0F56A /* NetworkCalls.swift in Sources */ = {isa = PBXBuildFile; fileRef = DC801B8C2B9CCF1600A0F56A /* NetworkCalls.swift */; };
		DC801B912B9CD1E500A0F56A /* linearSearch.swift in Sources */ = {isa = PBXBuildFile; fileRef = DC801B902B9CD1E500A0F56A /* linearSearch.swift */; };
		DC801B932B9CD4AB00A0F56A /* goodPairs.swift in Sources */ = {isa = PBXBuildFile; fileRef = DC801B922B9CD4AB00A0F56A /* goodPairs.swift */; };
		DC801B952B9CD77700A0F56A /* removeDuplicates.swift in Sources */ = {isa = PBXBuildFile; fileRef = DC801B942B9CD77700A0F56A /* removeDuplicates.swift */; };
		DC801B972B9CD92B00A0F56A /* arrayConcatenation.swift in Sources */ = {isa = PBXBuildFile; fileRef = DC801B962B9CD92B00A0F56A /* arrayConcatenation.swift */; };
		DC801B992B9CDAFA00A0F56A /* ErrorHandling.swift in Sources */ = {isa = PBXBuildFile; fileRef = DC801B982B9CDAFA00A0F56A /* ErrorHandling.swift */; };
		DC801B9B2B9D8F5500A0F56A /* minMaxSum.swift in Sources */ = {isa = PBXBuildFile; fileRef = DC801B9A2B9D8F5500A0F56A /* minMaxSum.swift */; };
		DC801B9D2B9DAFA100A0F56A /* Stack.swift in Sources */ = {isa = PBXBuildFile; fileRef = DC801B9C2B9DAFA100A0F56A /* Stack.swift */; };
		DCACBF882BA97742008D4A1F /* TypeAlias.swift in Sources */ = {isa = PBXBuildFile; fileRef = DCACBF872BA97742008D4A1F /* TypeAlias.swift */; };
		DCACBF8A2BA97A3C008D4A1F /* AssociatedTypes.swift in Sources */ = {isa = PBXBuildFile; fileRef = DCACBF892BA97A3C008D4A1F /* AssociatedTypes.swift */; };
/* End PBXBuildFile section */

/* Begin PBXCopyFilesBuildPhase section */
		DC801B7A2B9CCE0900A0F56A /* CopyFiles */ = {
			isa = PBXCopyFilesBuildPhase;
			buildActionMask = 2147483647;
			dstPath = /usr/share/man/man1/;
			dstSubfolderSpec = 0;
			files = (
			);
			runOnlyForDeploymentPostprocessing = 1;
		};
/* End PBXCopyFilesBuildPhase section */

/* Begin PBXFileReference section */
		DC2000A82B9F122700CF7DA4 /* Queue.swift */ = {isa = PBXFileReference; lastKnownFileType = sourcecode.swift; path = Queue.swift; sourceTree = "<group>"; };
		DC7591012BB485940077F260 /* Logger.swift */ = {isa = PBXFileReference; lastKnownFileType = sourcecode.swift; path = Logger.swift; sourceTree = "<group>"; };
		DC7591032BB486B30077F260 /* LogLevel.swift */ = {isa = PBXFileReference; lastKnownFileType = sourcecode.swift; path = LogLevel.swift; sourceTree = "<group>"; };
		DC7591052BB487660077F260 /* Context.swift */ = {isa = PBXFileReference; lastKnownFileType = sourcecode.swift; path = Context.swift; sourceTree = "<group>"; };
		DC801B7C2B9CCE0900A0F56A /* problem-solving-swift */ = {isa = PBXFileReference; explicitFileType = "compiled.mach-o.executable"; includeInIndex = 0; path = "problem-solving-swift"; sourceTree = BUILT_PRODUCTS_DIR; };
		DC801B7F2B9CCE0900A0F56A /* main.swift */ = {isa = PBXFileReference; lastKnownFileType = sourcecode.swift; path = main.swift; sourceTree = "<group>"; };
		DC801B8C2B9CCF1600A0F56A /* NetworkCalls.swift */ = {isa = PBXFileReference; lastKnownFileType = sourcecode.swift; path = NetworkCalls.swift; sourceTree = "<group>"; };
		DC801B902B9CD1E500A0F56A /* linearSearch.swift */ = {isa = PBXFileReference; lastKnownFileType = sourcecode.swift; path = linearSearch.swift; sourceTree = "<group>"; };
		DC801B922B9CD4AB00A0F56A /* goodPairs.swift */ = {isa = PBXFileReference; lastKnownFileType = sourcecode.swift; path = goodPairs.swift; sourceTree = "<group>"; };
		DC801B942B9CD77700A0F56A /* removeDuplicates.swift */ = {isa = PBXFileReference; lastKnownFileType = sourcecode.swift; path = removeDuplicates.swift; sourceTree = "<group>"; };
		DC801B962B9CD92B00A0F56A /* arrayConcatenation.swift */ = {isa = PBXFileReference; lastKnownFileType = sourcecode.swift; path = arrayConcatenation.swift; sourceTree = "<group>"; };
		DC801B982B9CDAFA00A0F56A /* ErrorHandling.swift */ = {isa = PBXFileReference; lastKnownFileType = sourcecode.swift; path = ErrorHandling.swift; sourceTree = "<group>"; };
		DC801B9A2B9D8F5500A0F56A /* minMaxSum.swift */ = {isa = PBXFileReference; lastKnownFileType = sourcecode.swift; path = minMaxSum.swift; sourceTree = "<group>"; };
		DC801B9C2B9DAFA100A0F56A /* Stack.swift */ = {isa = PBXFileReference; lastKnownFileType = sourcecode.swift; path = Stack.swift; sourceTree = "<group>"; };
		DCACBF872BA97742008D4A1F /* TypeAlias.swift */ = {isa = PBXFileReference; lastKnownFileType = sourcecode.swift; path = TypeAlias.swift; sourceTree = "<group>"; };
		DCACBF892BA97A3C008D4A1F /* AssociatedTypes.swift */ = {isa = PBXFileReference; lastKnownFileType = sourcecode.swift; path = AssociatedTypes.swift; sourceTree = "<group>"; };
/* End PBXFileReference section */

/* Begin PBXFrameworksBuildPhase section */
		DC801B792B9CCE0900A0F56A /* Frameworks */ = {
			isa = PBXFrameworksBuildPhase;
			buildActionMask = 2147483647;
			files = (
			);
			runOnlyForDeploymentPostprocessing = 0;
		};
/* End PBXFrameworksBuildPhase section */

/* Begin PBXGroup section */
		DC7591002BB485890077F260 /* logger */ = {
			isa = PBXGroup;
			children = (
				DC7591012BB485940077F260 /* Logger.swift */,
				DC7591032BB486B30077F260 /* LogLevel.swift */,
				DC7591052BB487660077F260 /* Context.swift */,
			);
			path = logger;
			sourceTree = "<group>";
		};
		DC801B732B9CCE0900A0F56A = {
			isa = PBXGroup;
			children = (
				DC801B7E2B9CCE0900A0F56A /* problem-solving-swift */,
				DC801B7D2B9CCE0900A0F56A /* Products */,
			);
			sourceTree = "<group>";
		};
		DC801B7D2B9CCE0900A0F56A /* Products */ = {
			isa = PBXGroup;
			children = (
				DC801B7C2B9CCE0900A0F56A /* problem-solving-swift */,
			);
			name = Products;
			sourceTree = "<group>";
		};
		DC801B7E2B9CCE0900A0F56A /* problem-solving-swift */ = {
			isa = PBXGroup;
			children = (
				DC7591002BB485890077F260 /* logger */,
				DC801B8B2B9CCF0A00A0F56A /* swift */,
				DC801B882B9CCE2600A0F56A /* leetcode */,
				DC801B872B9CCE1F00A0F56A /* algorithms */,
				DC801B862B9CCE1A00A0F56A /* ds */,
				DC801B7F2B9CCE0900A0F56A /* main.swift */,
			);
			path = "problem-solving-swift";
			sourceTree = "<group>";
		};
		DC801B862B9CCE1A00A0F56A /* ds */ = {
			isa = PBXGroup;
			children = (
				DC801B9C2B9DAFA100A0F56A /* Stack.swift */,
				DC2000A82B9F122700CF7DA4 /* Queue.swift */,
			);
			path = ds;
			sourceTree = "<group>";
		};
		DC801B872B9CCE1F00A0F56A /* algorithms */ = {
			isa = PBXGroup;
			children = (
				DC801B902B9CD1E500A0F56A /* linearSearch.swift */,
			);
			path = algorithms;
			sourceTree = "<group>";
		};
		DC801B882B9CCE2600A0F56A /* leetcode */ = {
			isa = PBXGroup;
			children = (
				DC801B922B9CD4AB00A0F56A /* goodPairs.swift */,
				DC801B942B9CD77700A0F56A /* removeDuplicates.swift */,
				DC801B962B9CD92B00A0F56A /* arrayConcatenation.swift */,
				DC801B9A2B9D8F5500A0F56A /* minMaxSum.swift */,
			);
			path = leetcode;
			sourceTree = "<group>";
		};
		DC801B8B2B9CCF0A00A0F56A /* swift */ = {
			isa = PBXGroup;
			children = (
				DC801B8C2B9CCF1600A0F56A /* NetworkCalls.swift */,
				DC801B982B9CDAFA00A0F56A /* ErrorHandling.swift */,
				DCACBF872BA97742008D4A1F /* TypeAlias.swift */,
				DCACBF892BA97A3C008D4A1F /* AssociatedTypes.swift */,
			);
			path = swift;
			sourceTree = "<group>";
		};
/* End PBXGroup section */

/* Begin PBXNativeTarget section */
		DC801B7B2B9CCE0900A0F56A /* problem-solving-swift */ = {
			isa = PBXNativeTarget;
			buildConfigurationList = DC801B832B9CCE0900A0F56A /* Build configuration list for PBXNativeTarget "problem-solving-swift" */;
			buildPhases = (
				DC801B782B9CCE0900A0F56A /* Sources */,
				DC801B792B9CCE0900A0F56A /* Frameworks */,
				DC801B7A2B9CCE0900A0F56A /* CopyFiles */,
			);
			buildRules = (
			);
			dependencies = (
			);
			name = "problem-solving-swift";
			productName = "problem-solving-swift";
			productReference = DC801B7C2B9CCE0900A0F56A /* problem-solving-swift */;
			productType = "com.apple.product-type.tool";
		};
/* End PBXNativeTarget section */

/* Begin PBXProject section */
		DC801B742B9CCE0900A0F56A /* Project object */ = {
			isa = PBXProject;
			attributes = {
				BuildIndependentTargetsInParallel = 1;
				LastSwiftUpdateCheck = 1530;
				LastUpgradeCheck = 1530;
				TargetAttributes = {
					DC801B7B2B9CCE0900A0F56A = {
						CreatedOnToolsVersion = 15.3;
					};
				};
			};
			buildConfigurationList = DC801B772B9CCE0900A0F56A /* Build configuration list for PBXProject "problem-solving-swift" */;
			compatibilityVersion = "Xcode 14.0";
			developmentRegion = en;
			hasScannedForEncodings = 0;
			knownRegions = (
				en,
				Base,
			);
			mainGroup = DC801B732B9CCE0900A0F56A;
			productRefGroup = DC801B7D2B9CCE0900A0F56A /* Products */;
			projectDirPath = "";
			projectRoot = "";
			targets = (
				DC801B7B2B9CCE0900A0F56A /* problem-solving-swift */,
			);
		};
/* End PBXProject section */

/* Begin PBXSourcesBuildPhase section */
		DC801B782B9CCE0900A0F56A /* Sources */ = {
			isa = PBXSourcesBuildPhase;
			buildActionMask = 2147483647;
			files = (
				DC801B972B9CD92B00A0F56A /* arrayConcatenation.swift in Sources */,
				DC801B9D2B9DAFA100A0F56A /* Stack.swift in Sources */,
				DC801B9B2B9D8F5500A0F56A /* minMaxSum.swift in Sources */,
				DC7591062BB487660077F260 /* Context.swift in Sources */,
				DC801B912B9CD1E500A0F56A /* linearSearch.swift in Sources */,
				DC801B992B9CDAFA00A0F56A /* ErrorHandling.swift in Sources */,
				DCACBF882BA97742008D4A1F /* TypeAlias.swift in Sources */,
				DC2000A92B9F122700CF7DA4 /* Queue.swift in Sources */,
				DC801B802B9CCE0900A0F56A /* main.swift in Sources */,
				DC801B932B9CD4AB00A0F56A /* goodPairs.swift in Sources */,
				DC7591022BB485940077F260 /* Logger.swift in Sources */,
				DCACBF8A2BA97A3C008D4A1F /* AssociatedTypes.swift in Sources */,
				DC7591042BB486B30077F260 /* LogLevel.swift in Sources */,
				DC801B952B9CD77700A0F56A /* removeDuplicates.swift in Sources */,
				DC801B8D2B9CCF1600A0F56A /* NetworkCalls.swift in Sources */,
			);
			runOnlyForDeploymentPostprocessing = 0;
		};
/* End PBXSourcesBuildPhase section */

/* Begin XCBuildConfiguration section */
		DC801B812B9CCE0900A0F56A /* Debug */ = {
			isa = XCBuildConfiguration;
			buildSettings = {
				ALWAYS_SEARCH_USER_PATHS = NO;
				ASSETCATALOG_COMPILER_GENERATE_SWIFT_ASSET_SYMBOL_EXTENSIONS = YES;
				CLANG_ANALYZER_NONNULL = YES;
				CLANG_ANALYZER_NUMBER_OBJECT_CONVERSION = YES_AGGRESSIVE;
				CLANG_CXX_LANGUAGE_STANDARD = "gnu++20";
				CLANG_ENABLE_MODULES = YES;
				CLANG_ENABLE_OBJC_ARC = YES;
				CLANG_ENABLE_OBJC_WEAK = YES;
				CLANG_WARN_BLOCK_CAPTURE_AUTORELEASING = YES;
				CLANG_WARN_BOOL_CONVERSION = YES;
				CLANG_WARN_COMMA = YES;
				CLANG_WARN_CONSTANT_CONVERSION = YES;
				CLANG_WARN_DEPRECATED_OBJC_IMPLEMENTATIONS = YES;
				CLANG_WARN_DIRECT_OBJC_ISA_USAGE = YES_ERROR;
				CLANG_WARN_DOCUMENTATION_COMMENTS = YES;
				CLANG_WARN_EMPTY_BODY = YES;
				CLANG_WARN_ENUM_CONVERSION = YES;
				CLANG_WARN_INFINITE_RECURSION = YES;
				CLANG_WARN_INT_CONVERSION = YES;
				CLANG_WARN_NON_LITERAL_NULL_CONVERSION = YES;
				CLANG_WARN_OBJC_IMPLICIT_RETAIN_SELF = YES;
				CLANG_WARN_OBJC_LITERAL_CONVERSION = YES;
				CLANG_WARN_OBJC_ROOT_CLASS = YES_ERROR;
				CLANG_WARN_QUOTED_INCLUDE_IN_FRAMEWORK_HEADER = YES;
				CLANG_WARN_RANGE_LOOP_ANALYSIS = YES;
				CLANG_WARN_STRICT_PROTOTYPES = YES;
				CLANG_WARN_SUSPICIOUS_MOVE = YES;
				CLANG_WARN_UNGUARDED_AVAILABILITY = YES_AGGRESSIVE;
				CLANG_WARN_UNREACHABLE_CODE = YES;
				CLANG_WARN__DUPLICATE_METHOD_MATCH = YES;
				COPY_PHASE_STRIP = NO;
				DEBUG_INFORMATION_FORMAT = dwarf;
				ENABLE_STRICT_OBJC_MSGSEND = YES;
				ENABLE_TESTABILITY = YES;
				ENABLE_USER_SCRIPT_SANDBOXING = YES;
				GCC_C_LANGUAGE_STANDARD = gnu17;
				GCC_DYNAMIC_NO_PIC = NO;
				GCC_NO_COMMON_BLOCKS = YES;
				GCC_OPTIMIZATION_LEVEL = 0;
				GCC_PREPROCESSOR_DEFINITIONS = (
					"DEBUG=1",
					"$(inherited)",
				);
				GCC_WARN_64_TO_32_BIT_CONVERSION = YES;
				GCC_WARN_ABOUT_RETURN_TYPE = YES_ERROR;
				GCC_WARN_UNDECLARED_SELECTOR = YES;
				GCC_WARN_UNINITIALIZED_AUTOS = YES_AGGRESSIVE;
				GCC_WARN_UNUSED_FUNCTION = YES;
				GCC_WARN_UNUSED_VARIABLE = YES;
				LOCALIZATION_PREFERS_STRING_CATALOGS = YES;
				MACOSX_DEPLOYMENT_TARGET = 14.4;
				MTL_ENABLE_DEBUG_INFO = INCLUDE_SOURCE;
				MTL_FAST_MATH = YES;
				ONLY_ACTIVE_ARCH = YES;
				SDKROOT = macosx;
				SWIFT_ACTIVE_COMPILATION_CONDITIONS = "DEBUG $(inherited)";
				SWIFT_OPTIMIZATION_LEVEL = "-Onone";
			};
			name = Debug;
		};
		DC801B822B9CCE0900A0F56A /* Release */ = {
			isa = XCBuildConfiguration;
			buildSettings = {
				ALWAYS_SEARCH_USER_PATHS = NO;
				ASSETCATALOG_COMPILER_GENERATE_SWIFT_ASSET_SYMBOL_EXTENSIONS = YES;
				CLANG_ANALYZER_NONNULL = YES;
				CLANG_ANALYZER_NUMBER_OBJECT_CONVERSION = YES_AGGRESSIVE;
				CLANG_CXX_LANGUAGE_STANDARD = "gnu++20";
				CLANG_ENABLE_MODULES = YES;
				CLANG_ENABLE_OBJC_ARC = YES;
				CLANG_ENABLE_OBJC_WEAK = YES;
				CLANG_WARN_BLOCK_CAPTURE_AUTORELEASING = YES;
				CLANG_WARN_BOOL_CONVERSION = YES;
				CLANG_WARN_COMMA = YES;
				CLANG_WARN_CONSTANT_CONVERSION = YES;
				CLANG_WARN_DEPRECATED_OBJC_IMPLEMENTATIONS = YES;
				CLANG_WARN_DIRECT_OBJC_ISA_USAGE = YES_ERROR;
				CLANG_WARN_DOCUMENTATION_COMMENTS = YES;
				CLANG_WARN_EMPTY_BODY = YES;
				CLANG_WARN_ENUM_CONVERSION = YES;
				CLANG_WARN_INFINITE_RECURSION = YES;
				CLANG_WARN_INT_CONVERSION = YES;
				CLANG_WARN_NON_LITERAL_NULL_CONVERSION = YES;
				CLANG_WARN_OBJC_IMPLICIT_RETAIN_SELF = YES;
				CLANG_WARN_OBJC_LITERAL_CONVERSION = YES;
				CLANG_WARN_OBJC_ROOT_CLASS = YES_ERROR;
				CLANG_WARN_QUOTED_INCLUDE_IN_FRAMEWORK_HEADER = YES;
				CLANG_WARN_RANGE_LOOP_ANALYSIS = YES;
				CLANG_WARN_STRICT_PROTOTYPES = YES;
				CLANG_WARN_SUSPICIOUS_MOVE = YES;
				CLANG_WARN_UNGUARDED_AVAILABILITY = YES_AGGRESSIVE;
				CLANG_WARN_UNREACHABLE_CODE = YES;
				CLANG_WARN__DUPLICATE_METHOD_MATCH = YES;
				COPY_PHASE_STRIP = NO;
				DEBUG_INFORMATION_FORMAT = "dwarf-with-dsym";
				ENABLE_NS_ASSERTIONS = NO;
				ENABLE_STRICT_OBJC_MSGSEND = YES;
				ENABLE_USER_SCRIPT_SANDBOXING = YES;
				GCC_C_LANGUAGE_STANDARD = gnu17;
				GCC_NO_COMMON_BLOCKS = YES;
				GCC_WARN_64_TO_32_BIT_CONVERSION = YES;
				GCC_WARN_ABOUT_RETURN_TYPE = YES_ERROR;
				GCC_WARN_UNDECLARED_SELECTOR = YES;
				GCC_WARN_UNINITIALIZED_AUTOS = YES_AGGRESSIVE;
				GCC_WARN_UNUSED_FUNCTION = YES;
				GCC_WARN_UNUSED_VARIABLE = YES;
				LOCALIZATION_PREFERS_STRING_CATALOGS = YES;
				MACOSX_DEPLOYMENT_TARGET = 14.4;
				MTL_ENABLE_DEBUG_INFO = NO;
				MTL_FAST_MATH = YES;
				SDKROOT = macosx;
				SWIFT_COMPILATION_MODE = wholemodule;
			};
			name = Release;
		};
		DC801B842B9CCE0900A0F56A /* Debug */ = {
			isa = XCBuildConfiguration;
			buildSettings = {
				CODE_SIGN_STYLE = Automatic;
				DEVELOPMENT_TEAM = 5H7QL83244;
				ENABLE_HARDENED_RUNTIME = YES;
				PRODUCT_NAME = "$(TARGET_NAME)";
				SWIFT_VERSION = 5.0;
			};
			name = Debug;
		};
		DC801B852B9CCE0900A0F56A /* Release */ = {
			isa = XCBuildConfiguration;
			buildSettings = {
				CODE_SIGN_STYLE = Automatic;
				DEVELOPMENT_TEAM = 5H7QL83244;
				ENABLE_HARDENED_RUNTIME = YES;
				PRODUCT_NAME = "$(TARGET_NAME)";
				SWIFT_VERSION = 5.0;
			};
			name = Release;
		};
/* End XCBuildConfiguration section */

/* Begin XCConfigurationList section */
		DC801B772B9CCE0900A0F56A /* Build configuration list for PBXProject "problem-solving-swift" */ = {
			isa = XCConfigurationList;
			buildConfigurations = (
				DC801B812B9CCE0900A0F56A /* Debug */,
				DC801B822B9CCE0900A0F56A /* Release */,
			);
			defaultConfigurationIsVisible = 0;
			defaultConfigurationName = Release;
		};
		DC801B832B9CCE0900A0F56A /* Build configuration list for PBXNativeTarget "problem-solving-swift" */ = {
			isa = XCConfigurationList;
			buildConfigurations = (
				DC801B842B9CCE0900A0F56A /* Debug */,
				DC801B852B9CCE0900A0F56A /* Release */,
			);
			defaultConfigurationIsVisible = 0;
			defaultConfigurationName = Release;
		};
/* End XCConfigurationList section */
	};
	rootObject = DC801B742B9CCE0900A0F56A /* Project object */;
}
