// !$*UTF8*$!
{
	archiveVersion = 1;
	classes = {
	};
	objectVersion = 56;
	objects = {

/* Begin PBXBuildFile section */
		8A392EE42C3462F0008A4383 /* palindromeNumber.swift in Sources */ = {isa = PBXBuildFile; fileRef = 8A392EE32C3462F0008A4383 /* palindromeNumber.swift */; };
		8A3DA2962C6296E900FDEB7B /* singleNumber.swift in Sources */ = {isa = PBXBuildFile; fileRef = 8A3DA2952C6296E900FDEB7B /* singleNumber.swift */; };
		8A4514D82C0062A20006EEBB /* Annotation.swift in Sources */ = {isa = PBXBuildFile; fileRef = 8A4514D72C0062A20006EEBB /* Annotation.swift */; };
		8A6411A82BE4E07B0067B703 /* Closures.swift in Sources */ = {isa = PBXBuildFile; fileRef = 8A6411A72BE4E07B0067B703 /* Closures.swift */; };
		DC14EFD52BC566A100586FE8 /* setMatrixZero.swift in Sources */ = {isa = PBXBuildFile; fileRef = DC14EFD42BC566A100586FE8 /* setMatrixZero.swift */; };
		DC14EFD72BC57C4600586FE8 /* missingAndRepeating.swift in Sources */ = {isa = PBXBuildFile; fileRef = DC14EFD62BC57C4600586FE8 /* missingAndRepeating.swift */; };
		DC14EFD92BC588B400586FE8 /* findDuplicate.swift in Sources */ = {isa = PBXBuildFile; fileRef = DC14EFD82BC588B400586FE8 /* findDuplicate.swift */; };
		DC14EFDB2BC5936700586FE8 /* rotateMatrix.swift in Sources */ = {isa = PBXBuildFile; fileRef = DC14EFDA2BC5936700586FE8 /* rotateMatrix.swift */; };
		DC14EFDD2BC598F500586FE8 /* mergeSortedArrays.swift in Sources */ = {isa = PBXBuildFile; fileRef = DC14EFDC2BC598F500586FE8 /* mergeSortedArrays.swift */; };
		DC14EFDF2BC59D3400586FE8 /* searchMatrix.swift in Sources */ = {isa = PBXBuildFile; fileRef = DC14EFDE2BC59D3400586FE8 /* searchMatrix.swift */; };
		DC14EFE12BC5AEC500586FE8 /* majorityElement-II.swift in Sources */ = {isa = PBXBuildFile; fileRef = DC14EFE02BC5AEC500586FE8 /* majorityElement-II.swift */; };
		DC14EFE32BC67E6F00586FE8 /* powerOf2.swift in Sources */ = {isa = PBXBuildFile; fileRef = DC14EFE22BC67E6F00586FE8 /* powerOf2.swift */; };
		DC14EFE52BC67F8800586FE8 /* mergeSort.swift in Sources */ = {isa = PBXBuildFile; fileRef = DC14EFE42BC67F8800586FE8 /* mergeSort.swift */; };
		DC14EFE72BC6946D00586FE8 /* countReversePairs.swift in Sources */ = {isa = PBXBuildFile; fileRef = DC14EFE62BC6946D00586FE8 /* countReversePairs.swift */; };
		DC2000A92B9F122700CF7DA4 /* Queue.swift in Sources */ = {isa = PBXBuildFile; fileRef = DC2000A82B9F122700CF7DA4 /* Queue.swift */; };
		DC21DF452BC044DB002743C4 /* kadanes.swift in Sources */ = {isa = PBXBuildFile; fileRef = DC21DF442BC044DB002743C4 /* kadanes.swift */; };
		DC21DF472BC0493B002743C4 /* stocksBuyAndSell.swift in Sources */ = {isa = PBXBuildFile; fileRef = DC21DF462BC0493B002743C4 /* stocksBuyAndSell.swift */; };
		DC21DF492BC05255002743C4 /* containsDuplicate.swift in Sources */ = {isa = PBXBuildFile; fileRef = DC21DF482BC05255002743C4 /* containsDuplicate.swift */; };
		DC21DF4B2BC05586002743C4 /* Anagram.swift in Sources */ = {isa = PBXBuildFile; fileRef = DC21DF4A2BC05586002743C4 /* Anagram.swift */; };
		DC21DF4D2BC05F86002743C4 /* twoSum.swift in Sources */ = {isa = PBXBuildFile; fileRef = DC21DF4C2BC05F86002743C4 /* twoSum.swift */; };
		DC21DF4F2BC063B7002743C4 /* binarySearch.swift in Sources */ = {isa = PBXBuildFile; fileRef = DC21DF4E2BC063B7002743C4 /* binarySearch.swift */; };
		DC21DF512BC12A42002743C4 /* topElement.swift in Sources */ = {isa = PBXBuildFile; fileRef = DC21DF502BC12A42002743C4 /* topElement.swift */; };
		DC2B06262BC6E9B200B585FA /* reverseList.swift in Sources */ = {isa = PBXBuildFile; fileRef = DC2B06252BC6E9B200B585FA /* reverseList.swift */; };
		DC2B06282BC6ECDD00B585FA /* middleOfLinkedList.swift in Sources */ = {isa = PBXBuildFile; fileRef = DC2B06272BC6ECDD00B585FA /* middleOfLinkedList.swift */; };
		DC2B062A2BC6EEF600B585FA /* palindromeList.swift in Sources */ = {isa = PBXBuildFile; fileRef = DC2B06292BC6EEF600B585FA /* palindromeList.swift */; };
		DC2B062C2BC7117100B585FA /* reverseLinkedList.swift in Sources */ = {isa = PBXBuildFile; fileRef = DC2B062B2BC7117100B585FA /* reverseLinkedList.swift */; };
		DC2B062E2BC7127000B585FA /* addNumbersAsLinkedList.swift in Sources */ = {isa = PBXBuildFile; fileRef = DC2B062D2BC7127000B585FA /* addNumbersAsLinkedList.swift */; };
		DC2B06302BC7191E00B585FA /* cycleInLinkedList.swift in Sources */ = {isa = PBXBuildFile; fileRef = DC2B062F2BC7191E00B585FA /* cycleInLinkedList.swift */; };
		DC2B06322BC71CAA00B585FA /* detectStartingOfLoopLinkedList.swift in Sources */ = {isa = PBXBuildFile; fileRef = DC2B06312BC71CAA00B585FA /* detectStartingOfLoopLinkedList.swift */; };
		DC2B06342BC7256700B585FA /* intersectionOfLinkedList.swift in Sources */ = {isa = PBXBuildFile; fileRef = DC2B06332BC7256700B585FA /* intersectionOfLinkedList.swift */; };
		DC2B063A2BC7BF7B00B585FA /* validParenthesis.swift in Sources */ = {isa = PBXBuildFile; fileRef = DC2B06392BC7BF7B00B585FA /* validParenthesis.swift */; };
		DC3F000A2BB9BD79003EAB39 /* JSONParser.swift in Sources */ = {isa = PBXBuildFile; fileRef = DC3F00092BB9BD79003EAB39 /* JSONParser.swift */; };
		DC3F000C2BB9BEE7003EAB39 /* JSONParsingError.swift in Sources */ = {isa = PBXBuildFile; fileRef = DC3F000B2BB9BEE7003EAB39 /* JSONParsingError.swift */; };
		DC3F000E2BB9BFCD003EAB39 /* testJsonParsing.swift in Sources */ = {isa = PBXBuildFile; fileRef = DC3F000D2BB9BFCD003EAB39 /* testJsonParsing.swift */; };
		DC3F004D2BBAA565003EAB39 /* AdditionProtocol.swift in Sources */ = {isa = PBXBuildFile; fileRef = DC3F004C2BBAA565003EAB39 /* AdditionProtocol.swift */; };
		DC3F004F2BBAA582003EAB39 /* Manager.swift in Sources */ = {isa = PBXBuildFile; fileRef = DC3F004E2BBAA582003EAB39 /* Manager.swift */; };
		DC3F00512BBAA5AC003EAB39 /* Developer.swift in Sources */ = {isa = PBXBuildFile; fileRef = DC3F00502BBAA5AC003EAB39 /* Developer.swift */; };
		DC3F00552BBAA74A003EAB39 /* ImageDownloader.swift in Sources */ = {isa = PBXBuildFile; fileRef = DC3F00542BBAA74A003EAB39 /* ImageDownloader.swift */; };
		DC3F00572BBAA796003EAB39 /* ProfileImageViewer.swift in Sources */ = {isa = PBXBuildFile; fileRef = DC3F00562BBAA796003EAB39 /* ProfileImageViewer.swift */; };
		DC3F00592BBAA7C3003EAB39 /* ImageDownloadProtocol.swift in Sources */ = {isa = PBXBuildFile; fileRef = DC3F00582BBAA7C3003EAB39 /* ImageDownloadProtocol.swift */; };
		DC3F00B32BBB04F4003EAB39 /* Article.swift in Sources */ = {isa = PBXBuildFile; fileRef = DC3F00B22BBB04F4003EAB39 /* Article.swift */; };
		DC3F00B52BBB0531003EAB39 /* Models.swift in Sources */ = {isa = PBXBuildFile; fileRef = DC3F00B42BBB0531003EAB39 /* Models.swift */; };
		DC3F00B72BBB0782003EAB39 /* testJsonParsingFromFile.swift in Sources */ = {isa = PBXBuildFile; fileRef = DC3F00B62BBB0782003EAB39 /* testJsonParsingFromFile.swift */; };
		DC3F01132BBC0A3E003EAB39 /* Hamburger.swift in Sources */ = {isa = PBXBuildFile; fileRef = DC3F01122BBC0A3E003EAB39 /* Hamburger.swift */; };
		DC3F01152BBC0AE9003EAB39 /* HamburgerBuilder.swift in Sources */ = {isa = PBXBuildFile; fileRef = DC3F01142BBC0AE9003EAB39 /* HamburgerBuilder.swift */; };
		DC3F01172BBC0C1E003EAB39 /* BurgerShop.swift in Sources */ = {isa = PBXBuildFile; fileRef = DC3F01162BBC0C1E003EAB39 /* BurgerShop.swift */; };
		DC3F53F12DC2BD8600AE4BE2 /* adjanceyMatrix.swift in Sources */ = {isa = PBXBuildFile; fileRef = DC3F53F02DC2BD8000AE4BE2 /* adjanceyMatrix.swift */; };
		DC3F53F52DC2C51600AE4BE2 /* bfs.swift in Sources */ = {isa = PBXBuildFile; fileRef = DC3F53F42DC2C50F00AE4BE2 /* bfs.swift */; };
		DC3F53F72DC2CA6000AE4BE2 /* dfs.swift in Sources */ = {isa = PBXBuildFile; fileRef = DC3F53F62DC2CA5E00AE4BE2 /* dfs.swift */; };
		DC3F53FB2DC375DB00AE4BE2 /* Graph.swift in Sources */ = {isa = PBXBuildFile; fileRef = DC3F53FA2DC375D300AE4BE2 /* Graph.swift */; };
		DC67F3E32BBC9A50002D9643 /* divisible.swift in Sources */ = {isa = PBXBuildFile; fileRef = DC67F3E22BBC9A50002D9643 /* divisible.swift */; };
		DC6C94A42BB5F7FA008717A7 /* AnalyticsProvider.swift in Sources */ = {isa = PBXBuildFile; fileRef = DC6C94A32BB5F7FA008717A7 /* AnalyticsProvider.swift */; };
		DC6C94A62BB5F813008717A7 /* Event.swift in Sources */ = {isa = PBXBuildFile; fileRef = DC6C94A52BB5F813008717A7 /* Event.swift */; };
		DC6C94AA2BB5F924008717A7 /* AnalyticsManager.swift in Sources */ = {isa = PBXBuildFile; fileRef = DC6C94A92BB5F924008717A7 /* AnalyticsManager.swift */; };
		DC6C94AC2BB5F9B9008717A7 /* AnalyticsError.swift in Sources */ = {isa = PBXBuildFile; fileRef = DC6C94AB2BB5F9B9008717A7 /* AnalyticsError.swift */; };
		DC6C94AE2BB5FA1F008717A7 /* CustomAnalyticsProvider.swift in Sources */ = {isa = PBXBuildFile; fileRef = DC6C94AD2BB5FA1F008717A7 /* CustomAnalyticsProvider.swift */; };
		DC7591022BB485940077F260 /* Logger.swift in Sources */ = {isa = PBXBuildFile; fileRef = DC7591012BB485940077F260 /* Logger.swift */; };
		DC7591042BB486B30077F260 /* LogLevel.swift in Sources */ = {isa = PBXBuildFile; fileRef = DC7591032BB486B30077F260 /* LogLevel.swift */; };
		DC7591062BB487660077F260 /* Context.swift in Sources */ = {isa = PBXBuildFile; fileRef = DC7591052BB487660077F260 /* Context.swift */; };
		DC7591092BB4AD3E0077F260 /* CustomThread.swift in Sources */ = {isa = PBXBuildFile; fileRef = DC7591082BB4AD3E0077F260 /* CustomThread.swift */; };
		DC7E44592BB94E7C00D4A4C8 /* ReportViewModel.swift in Sources */ = {isa = PBXBuildFile; fileRef = DC7E44582BB94E7C00D4A4C8 /* ReportViewModel.swift */; };
		DC7E445B2BB953A200D4A4C8 /* Report.swift in Sources */ = {isa = PBXBuildFile; fileRef = DC7E445A2BB953A200D4A4C8 /* Report.swift */; };
		DC7E445D2BB9543B00D4A4C8 /* ReportType.swift in Sources */ = {isa = PBXBuildFile; fileRef = DC7E445C2BB9543B00D4A4C8 /* ReportType.swift */; };
		DC7E44602BB9546900D4A4C8 /* TaxReport.swift in Sources */ = {isa = PBXBuildFile; fileRef = DC7E445F2BB9546900D4A4C8 /* TaxReport.swift */; };
		DC7E44622BB954A400D4A4C8 /* ProfitReport.swift in Sources */ = {isa = PBXBuildFile; fileRef = DC7E44612BB954A400D4A4C8 /* ProfitReport.swift */; };
		DC7E44642BB9561800D4A4C8 /* ReportFactory.swift in Sources */ = {isa = PBXBuildFile; fileRef = DC7E44632BB9561800D4A4C8 /* ReportFactory.swift */; };
		DC7E44682BB95DB600D4A4C8 /* TaskRegistrationManageable.swift in Sources */ = {isa = PBXBuildFile; fileRef = DC7E44672BB95DB600D4A4C8 /* TaskRegistrationManageable.swift */; };
		DC7E446A2BB95DDD00D4A4C8 /* CompletionHandleable.swift in Sources */ = {isa = PBXBuildFile; fileRef = DC7E44692BB95DDD00D4A4C8 /* CompletionHandleable.swift */; };
		DC7E446C2BB95E2000D4A4C8 /* WaitTimeManageable.swift in Sources */ = {isa = PBXBuildFile; fileRef = DC7E446B2BB95E2000D4A4C8 /* WaitTimeManageable.swift */; };
		DC7E446E2BB95E6900D4A4C8 /* TaskRegistrationManager.swift in Sources */ = {isa = PBXBuildFile; fileRef = DC7E446D2BB95E6900D4A4C8 /* TaskRegistrationManager.swift */; };
		DC7E44702BB95F0500D4A4C8 /* CompletionHandlerManager.swift in Sources */ = {isa = PBXBuildFile; fileRef = DC7E446F2BB95F0500D4A4C8 /* CompletionHandlerManager.swift */; };
		DC7E44722BB9604D00D4A4C8 /* WaitTimeManager.swift in Sources */ = {isa = PBXBuildFile; fileRef = DC7E44712BB9604D00D4A4C8 /* WaitTimeManager.swift */; };
		DC7E44742BB9615800D4A4C8 /* CustomDispatchGroup.swift in Sources */ = {isa = PBXBuildFile; fileRef = DC7E44732BB9615800D4A4C8 /* CustomDispatchGroup.swift */; };
		DC7E44762BB9AB2000D4A4C8 /* DispatchGroupExample.swift in Sources */ = {isa = PBXBuildFile; fileRef = DC7E44752BB9AB2000D4A4C8 /* DispatchGroupExample.swift */; };
		DC7E44792BB9B04700D4A4C8 /* StarWarApi.swift in Sources */ = {isa = PBXBuildFile; fileRef = DC7E44782BB9B04700D4A4C8 /* StarWarApi.swift */; };
		DC801B802B9CCE0900A0F56A /* main.swift in Sources */ = {isa = PBXBuildFile; fileRef = DC801B7F2B9CCE0900A0F56A /* main.swift */; };
		DC801B8D2B9CCF1600A0F56A /* NetworkCalls.swift in Sources */ = {isa = PBXBuildFile; fileRef = DC801B8C2B9CCF1600A0F56A /* NetworkCalls.swift */; };
		DC801B912B9CD1E500A0F56A /* linearSearch.swift in Sources */ = {isa = PBXBuildFile; fileRef = DC801B902B9CD1E500A0F56A /* linearSearch.swift */; };
		DC801B932B9CD4AB00A0F56A /* goodPairs.swift in Sources */ = {isa = PBXBuildFile; fileRef = DC801B922B9CD4AB00A0F56A /* goodPairs.swift */; };
		DC801B952B9CD77700A0F56A /* removeDuplicates.swift in Sources */ = {isa = PBXBuildFile; fileRef = DC801B942B9CD77700A0F56A /* removeDuplicates.swift */; };
		DC801B972B9CD92B00A0F56A /* arrayConcatenation.swift in Sources */ = {isa = PBXBuildFile; fileRef = DC801B962B9CD92B00A0F56A /* arrayConcatenation.swift */; };
		DC801B992B9CDAFA00A0F56A /* ErrorHandling.swift in Sources */ = {isa = PBXBuildFile; fileRef = DC801B982B9CDAFA00A0F56A /* ErrorHandling.swift */; };
		DC801B9B2B9D8F5500A0F56A /* minMaxSum.swift in Sources */ = {isa = PBXBuildFile; fileRef = DC801B9A2B9D8F5500A0F56A /* minMaxSum.swift */; };
		DC801B9D2B9DAFA100A0F56A /* Stack.swift in Sources */ = {isa = PBXBuildFile; fileRef = DC801B9C2B9DAFA100A0F56A /* Stack.swift */; };
		DC8B04542BBFEC2A00DCFD1A /* Hoc.swift in Sources */ = {isa = PBXBuildFile; fileRef = DC8B04532BBFEC2A00DCFD1A /* Hoc.swift */; };
		DC91F6992D88850A0036DFE4 /* favouriteSinger.swift in Sources */ = {isa = PBXBuildFile; fileRef = DC91F6982D8885010036DFE4 /* favouriteSinger.swift */; };
		DC91F69B2D89D7820036DFE4 /* Zoos.swift in Sources */ = {isa = PBXBuildFile; fileRef = DC91F69A2D89D77F0036DFE4 /* Zoos.swift */; };
		DC91F69D2D89DA580036DFE4 /* divisibility.swift in Sources */ = {isa = PBXBuildFile; fileRef = DC91F69C2D89DA500036DFE4 /* divisibility.swift */; };
		DC91F69F2D89E13D0036DFE4 /* palindromeString.swift in Sources */ = {isa = PBXBuildFile; fileRef = DC91F69E2D89E13A0036DFE4 /* palindromeString.swift */; };
		DCACBF882BA97742008D4A1F /* TypeAlias.swift in Sources */ = {isa = PBXBuildFile; fileRef = DCACBF872BA97742008D4A1F /* TypeAlias.swift */; };
		DCACBF8A2BA97A3C008D4A1F /* AssociatedTypes.swift in Sources */ = {isa = PBXBuildFile; fileRef = DCACBF892BA97A3C008D4A1F /* AssociatedTypes.swift */; };
		DCACC3992D8C114600D48635 /* countDivisors.swift in Sources */ = {isa = PBXBuildFile; fileRef = DCACC3982D8C114100D48635 /* countDivisors.swift */; };
		DCDF7DD72CDCB47200EB069E /* MutatingAndInout.swift in Sources */ = {isa = PBXBuildFile; fileRef = DCDF7DD62CDCB46C00EB069E /* MutatingAndInout.swift */; };
		DCDF7DD92CDCB9CE00EB069E /* ComputedAndStoredProperties.swift in Sources */ = {isa = PBXBuildFile; fileRef = DCDF7DD82CDCB9C400EB069E /* ComputedAndStoredProperties.swift */; };
		DCE93A212BC437AD00B1474C /* LinkedList.swift in Sources */ = {isa = PBXBuildFile; fileRef = DCE93A202BC437AD00B1474C /* LinkedList.swift */; };
		DCE93A232BC461CA00B1474C /* majorityElement.swift in Sources */ = {isa = PBXBuildFile; fileRef = DCE93A222BC461CA00B1474C /* majorityElement.swift */; };
		DCE93A252BC4652500B1474C /* sortColors.swift in Sources */ = {isa = PBXBuildFile; fileRef = DCE93A242BC4652500B1474C /* sortColors.swift */; };
/* End PBXBuildFile section */

/* Begin PBXCopyFilesBuildPhase section */
		DC801B7A2B9CCE0900A0F56A /* CopyFiles */ = {
			isa = PBXCopyFilesBuildPhase;
			buildActionMask = 2147483647;
			dstPath = /usr/share/man/man1/;
			dstSubfolderSpec = 0;
			files = (
			);
			runOnlyForDeploymentPostprocessing = 1;
		};
/* End PBXCopyFilesBuildPhase section */

/* Begin PBXFileReference section */
		8A392EE32C3462F0008A4383 /* palindromeNumber.swift */ = {isa = PBXFileReference; lastKnownFileType = sourcecode.swift; path = palindromeNumber.swift; sourceTree = "<group>"; };
		8A3DA2952C6296E900FDEB7B /* singleNumber.swift */ = {isa = PBXFileReference; lastKnownFileType = sourcecode.swift; path = singleNumber.swift; sourceTree = "<group>"; };
		8A4514D72C0062A20006EEBB /* Annotation.swift */ = {isa = PBXFileReference; lastKnownFileType = sourcecode.swift; path = Annotation.swift; sourceTree = "<group>"; };
		8A6411A72BE4E07B0067B703 /* Closures.swift */ = {isa = PBXFileReference; lastKnownFileType = sourcecode.swift; path = Closures.swift; sourceTree = "<group>"; };
		DC14EFD42BC566A100586FE8 /* setMatrixZero.swift */ = {isa = PBXFileReference; lastKnownFileType = sourcecode.swift; path = setMatrixZero.swift; sourceTree = "<group>"; };
		DC14EFD62BC57C4600586FE8 /* missingAndRepeating.swift */ = {isa = PBXFileReference; lastKnownFileType = sourcecode.swift; path = missingAndRepeating.swift; sourceTree = "<group>"; };
		DC14EFD82BC588B400586FE8 /* findDuplicate.swift */ = {isa = PBXFileReference; lastKnownFileType = sourcecode.swift; path = findDuplicate.swift; sourceTree = "<group>"; };
		DC14EFDA2BC5936700586FE8 /* rotateMatrix.swift */ = {isa = PBXFileReference; lastKnownFileType = sourcecode.swift; path = rotateMatrix.swift; sourceTree = "<group>"; };
		DC14EFDC2BC598F500586FE8 /* mergeSortedArrays.swift */ = {isa = PBXFileReference; lastKnownFileType = sourcecode.swift; path = mergeSortedArrays.swift; sourceTree = "<group>"; };
		DC14EFDE2BC59D3400586FE8 /* searchMatrix.swift */ = {isa = PBXFileReference; lastKnownFileType = sourcecode.swift; path = searchMatrix.swift; sourceTree = "<group>"; };
		DC14EFE02BC5AEC500586FE8 /* majorityElement-II.swift */ = {isa = PBXFileReference; lastKnownFileType = sourcecode.swift; path = "majorityElement-II.swift"; sourceTree = "<group>"; };
		DC14EFE22BC67E6F00586FE8 /* powerOf2.swift */ = {isa = PBXFileReference; lastKnownFileType = sourcecode.swift; path = powerOf2.swift; sourceTree = "<group>"; };
		DC14EFE42BC67F8800586FE8 /* mergeSort.swift */ = {isa = PBXFileReference; lastKnownFileType = sourcecode.swift; path = mergeSort.swift; sourceTree = "<group>"; };
		DC14EFE62BC6946D00586FE8 /* countReversePairs.swift */ = {isa = PBXFileReference; lastKnownFileType = sourcecode.swift; path = countReversePairs.swift; sourceTree = "<group>"; };
		DC2000A82B9F122700CF7DA4 /* Queue.swift */ = {isa = PBXFileReference; lastKnownFileType = sourcecode.swift; path = Queue.swift; sourceTree = "<group>"; };
		DC21DF442BC044DB002743C4 /* kadanes.swift */ = {isa = PBXFileReference; lastKnownFileType = sourcecode.swift; path = kadanes.swift; sourceTree = "<group>"; };
		DC21DF462BC0493B002743C4 /* stocksBuyAndSell.swift */ = {isa = PBXFileReference; lastKnownFileType = sourcecode.swift; path = stocksBuyAndSell.swift; sourceTree = "<group>"; };
		DC21DF482BC05255002743C4 /* containsDuplicate.swift */ = {isa = PBXFileReference; lastKnownFileType = sourcecode.swift; path = containsDuplicate.swift; sourceTree = "<group>"; };
		DC21DF4A2BC05586002743C4 /* Anagram.swift */ = {isa = PBXFileReference; lastKnownFileType = sourcecode.swift; path = Anagram.swift; sourceTree = "<group>"; };
		DC21DF4C2BC05F86002743C4 /* twoSum.swift */ = {isa = PBXFileReference; lastKnownFileType = sourcecode.swift; path = twoSum.swift; sourceTree = "<group>"; };
		DC21DF4E2BC063B7002743C4 /* binarySearch.swift */ = {isa = PBXFileReference; lastKnownFileType = sourcecode.swift; path = binarySearch.swift; sourceTree = "<group>"; };
		DC21DF502BC12A42002743C4 /* topElement.swift */ = {isa = PBXFileReference; lastKnownFileType = sourcecode.swift; path = topElement.swift; sourceTree = "<group>"; };
		DC2B06252BC6E9B200B585FA /* reverseList.swift */ = {isa = PBXFileReference; lastKnownFileType = sourcecode.swift; path = reverseList.swift; sourceTree = "<group>"; };
		DC2B06272BC6ECDD00B585FA /* middleOfLinkedList.swift */ = {isa = PBXFileReference; lastKnownFileType = sourcecode.swift; path = middleOfLinkedList.swift; sourceTree = "<group>"; };
		DC2B06292BC6EEF600B585FA /* palindromeList.swift */ = {isa = PBXFileReference; lastKnownFileType = sourcecode.swift; path = palindromeList.swift; sourceTree = "<group>"; };
		DC2B062B2BC7117100B585FA /* reverseLinkedList.swift */ = {isa = PBXFileReference; lastKnownFileType = sourcecode.swift; path = reverseLinkedList.swift; sourceTree = "<group>"; };
		DC2B062D2BC7127000B585FA /* addNumbersAsLinkedList.swift */ = {isa = PBXFileReference; lastKnownFileType = sourcecode.swift; path = addNumbersAsLinkedList.swift; sourceTree = "<group>"; };
		DC2B062F2BC7191E00B585FA /* cycleInLinkedList.swift */ = {isa = PBXFileReference; lastKnownFileType = sourcecode.swift; path = cycleInLinkedList.swift; sourceTree = "<group>"; };
		DC2B06312BC71CAA00B585FA /* detectStartingOfLoopLinkedList.swift */ = {isa = PBXFileReference; lastKnownFileType = sourcecode.swift; path = detectStartingOfLoopLinkedList.swift; sourceTree = "<group>"; };
		DC2B06332BC7256700B585FA /* intersectionOfLinkedList.swift */ = {isa = PBXFileReference; lastKnownFileType = sourcecode.swift; path = intersectionOfLinkedList.swift; sourceTree = "<group>"; };
		DC2B06392BC7BF7B00B585FA /* validParenthesis.swift */ = {isa = PBXFileReference; lastKnownFileType = sourcecode.swift; path = validParenthesis.swift; sourceTree = "<group>"; };
		DC3F00092BB9BD79003EAB39 /* JSONParser.swift */ = {isa = PBXFileReference; lastKnownFileType = sourcecode.swift; path = JSONParser.swift; sourceTree = "<group>"; };
		DC3F000B2BB9BEE7003EAB39 /* JSONParsingError.swift */ = {isa = PBXFileReference; lastKnownFileType = sourcecode.swift; path = JSONParsingError.swift; sourceTree = "<group>"; };
		DC3F000D2BB9BFCD003EAB39 /* testJsonParsing.swift */ = {isa = PBXFileReference; lastKnownFileType = sourcecode.swift; path = testJsonParsing.swift; sourceTree = "<group>"; };
		DC3F004C2BBAA565003EAB39 /* AdditionProtocol.swift */ = {isa = PBXFileReference; lastKnownFileType = sourcecode.swift; path = AdditionProtocol.swift; sourceTree = "<group>"; };
		DC3F004E2BBAA582003EAB39 /* Manager.swift */ = {isa = PBXFileReference; lastKnownFileType = sourcecode.swift; path = Manager.swift; sourceTree = "<group>"; };
		DC3F00502BBAA5AC003EAB39 /* Developer.swift */ = {isa = PBXFileReference; lastKnownFileType = sourcecode.swift; path = Developer.swift; sourceTree = "<group>"; };
		DC3F00542BBAA74A003EAB39 /* ImageDownloader.swift */ = {isa = PBXFileReference; lastKnownFileType = sourcecode.swift; path = ImageDownloader.swift; sourceTree = "<group>"; };
		DC3F00562BBAA796003EAB39 /* ProfileImageViewer.swift */ = {isa = PBXFileReference; lastKnownFileType = sourcecode.swift; path = ProfileImageViewer.swift; sourceTree = "<group>"; };
		DC3F00582BBAA7C3003EAB39 /* ImageDownloadProtocol.swift */ = {isa = PBXFileReference; lastKnownFileType = sourcecode.swift; path = ImageDownloadProtocol.swift; sourceTree = "<group>"; };
		DC3F00B12BBB0456003EAB39 /* mock.json */ = {isa = PBXFileReference; lastKnownFileType = text.json; path = mock.json; sourceTree = "<group>"; };
		DC3F00B22BBB04F4003EAB39 /* Article.swift */ = {isa = PBXFileReference; lastKnownFileType = sourcecode.swift; path = Article.swift; sourceTree = "<group>"; };
		DC3F00B42BBB0531003EAB39 /* Models.swift */ = {isa = PBXFileReference; lastKnownFileType = sourcecode.swift; path = Models.swift; sourceTree = "<group>"; };
		DC3F00B62BBB0782003EAB39 /* testJsonParsingFromFile.swift */ = {isa = PBXFileReference; lastKnownFileType = sourcecode.swift; path = testJsonParsingFromFile.swift; sourceTree = "<group>"; };
		DC3F01122BBC0A3E003EAB39 /* Hamburger.swift */ = {isa = PBXFileReference; lastKnownFileType = sourcecode.swift; path = Hamburger.swift; sourceTree = "<group>"; };
		DC3F01142BBC0AE9003EAB39 /* HamburgerBuilder.swift */ = {isa = PBXFileReference; lastKnownFileType = sourcecode.swift; path = HamburgerBuilder.swift; sourceTree = "<group>"; };
		DC3F01162BBC0C1E003EAB39 /* BurgerShop.swift */ = {isa = PBXFileReference; lastKnownFileType = sourcecode.swift; path = BurgerShop.swift; sourceTree = "<group>"; };
		DC3F53F02DC2BD8000AE4BE2 /* adjanceyMatrix.swift */ = {isa = PBXFileReference; lastKnownFileType = sourcecode.swift; path = adjanceyMatrix.swift; sourceTree = "<group>"; };
		DC3F53F42DC2C50F00AE4BE2 /* bfs.swift */ = {isa = PBXFileReference; lastKnownFileType = sourcecode.swift; path = bfs.swift; sourceTree = "<group>"; };
		DC3F53F62DC2CA5E00AE4BE2 /* dfs.swift */ = {isa = PBXFileReference; lastKnownFileType = sourcecode.swift; path = dfs.swift; sourceTree = "<group>"; };
		DC3F53FA2DC375D300AE4BE2 /* Graph.swift */ = {isa = PBXFileReference; lastKnownFileType = sourcecode.swift; path = Graph.swift; sourceTree = "<group>"; };
		DC67F3E22BBC9A50002D9643 /* divisible.swift */ = {isa = PBXFileReference; lastKnownFileType = sourcecode.swift; path = divisible.swift; sourceTree = "<group>"; };
		DC6C94A32BB5F7FA008717A7 /* AnalyticsProvider.swift */ = {isa = PBXFileReference; lastKnownFileType = sourcecode.swift; path = AnalyticsProvider.swift; sourceTree = "<group>"; };
		DC6C94A52BB5F813008717A7 /* Event.swift */ = {isa = PBXFileReference; lastKnownFileType = sourcecode.swift; path = Event.swift; sourceTree = "<group>"; };
		DC6C94A92BB5F924008717A7 /* AnalyticsManager.swift */ = {isa = PBXFileReference; lastKnownFileType = sourcecode.swift; path = AnalyticsManager.swift; sourceTree = "<group>"; };
		DC6C94AB2BB5F9B9008717A7 /* AnalyticsError.swift */ = {isa = PBXFileReference; lastKnownFileType = sourcecode.swift; path = AnalyticsError.swift; sourceTree = "<group>"; };
		DC6C94AD2BB5FA1F008717A7 /* CustomAnalyticsProvider.swift */ = {isa = PBXFileReference; lastKnownFileType = sourcecode.swift; path = CustomAnalyticsProvider.swift; sourceTree = "<group>"; };
		DC7591012BB485940077F260 /* Logger.swift */ = {isa = PBXFileReference; lastKnownFileType = sourcecode.swift; path = Logger.swift; sourceTree = "<group>"; };
		DC7591032BB486B30077F260 /* LogLevel.swift */ = {isa = PBXFileReference; lastKnownFileType = sourcecode.swift; path = LogLevel.swift; sourceTree = "<group>"; };
		DC7591052BB487660077F260 /* Context.swift */ = {isa = PBXFileReference; lastKnownFileType = sourcecode.swift; path = Context.swift; sourceTree = "<group>"; };
		DC7591082BB4AD3E0077F260 /* CustomThread.swift */ = {isa = PBXFileReference; lastKnownFileType = sourcecode.swift; path = CustomThread.swift; sourceTree = "<group>"; };
		DC7E44582BB94E7C00D4A4C8 /* ReportViewModel.swift */ = {isa = PBXFileReference; lastKnownFileType = sourcecode.swift; path = ReportViewModel.swift; sourceTree = "<group>"; };
		DC7E445A2BB953A200D4A4C8 /* Report.swift */ = {isa = PBXFileReference; lastKnownFileType = sourcecode.swift; path = Report.swift; sourceTree = "<group>"; };
		DC7E445C2BB9543B00D4A4C8 /* ReportType.swift */ = {isa = PBXFileReference; lastKnownFileType = sourcecode.swift; path = ReportType.swift; sourceTree = "<group>"; };
		DC7E445F2BB9546900D4A4C8 /* TaxReport.swift */ = {isa = PBXFileReference; lastKnownFileType = sourcecode.swift; path = TaxReport.swift; sourceTree = "<group>"; };
		DC7E44612BB954A400D4A4C8 /* ProfitReport.swift */ = {isa = PBXFileReference; lastKnownFileType = sourcecode.swift; path = ProfitReport.swift; sourceTree = "<group>"; };
		DC7E44632BB9561800D4A4C8 /* ReportFactory.swift */ = {isa = PBXFileReference; lastKnownFileType = sourcecode.swift; path = ReportFactory.swift; sourceTree = "<group>"; };
		DC7E44672BB95DB600D4A4C8 /* TaskRegistrationManageable.swift */ = {isa = PBXFileReference; lastKnownFileType = sourcecode.swift; path = TaskRegistrationManageable.swift; sourceTree = "<group>"; };
		DC7E44692BB95DDD00D4A4C8 /* CompletionHandleable.swift */ = {isa = PBXFileReference; lastKnownFileType = sourcecode.swift; path = CompletionHandleable.swift; sourceTree = "<group>"; };
		DC7E446B2BB95E2000D4A4C8 /* WaitTimeManageable.swift */ = {isa = PBXFileReference; lastKnownFileType = sourcecode.swift; path = WaitTimeManageable.swift; sourceTree = "<group>"; };
		DC7E446D2BB95E6900D4A4C8 /* TaskRegistrationManager.swift */ = {isa = PBXFileReference; lastKnownFileType = sourcecode.swift; path = TaskRegistrationManager.swift; sourceTree = "<group>"; };
		DC7E446F2BB95F0500D4A4C8 /* CompletionHandlerManager.swift */ = {isa = PBXFileReference; lastKnownFileType = sourcecode.swift; path = CompletionHandlerManager.swift; sourceTree = "<group>"; };
		DC7E44712BB9604D00D4A4C8 /* WaitTimeManager.swift */ = {isa = PBXFileReference; lastKnownFileType = sourcecode.swift; path = WaitTimeManager.swift; sourceTree = "<group>"; };
		DC7E44732BB9615800D4A4C8 /* CustomDispatchGroup.swift */ = {isa = PBXFileReference; lastKnownFileType = sourcecode.swift; path = CustomDispatchGroup.swift; sourceTree = "<group>"; };
		DC7E44752BB9AB2000D4A4C8 /* DispatchGroupExample.swift */ = {isa = PBXFileReference; lastKnownFileType = sourcecode.swift; path = DispatchGroupExample.swift; sourceTree = "<group>"; };
		DC7E44782BB9B04700D4A4C8 /* StarWarApi.swift */ = {isa = PBXFileReference; lastKnownFileType = sourcecode.swift; path = StarWarApi.swift; sourceTree = "<group>"; };
		DC801B7C2B9CCE0900A0F56A /* problem-solving-swift */ = {isa = PBXFileReference; explicitFileType = "compiled.mach-o.executable"; includeInIndex = 0; path = "problem-solving-swift"; sourceTree = BUILT_PRODUCTS_DIR; };
		DC801B7F2B9CCE0900A0F56A /* main.swift */ = {isa = PBXFileReference; lastKnownFileType = sourcecode.swift; path = main.swift; sourceTree = "<group>"; };
		DC801B8C2B9CCF1600A0F56A /* NetworkCalls.swift */ = {isa = PBXFileReference; lastKnownFileType = sourcecode.swift; path = NetworkCalls.swift; sourceTree = "<group>"; };
		DC801B902B9CD1E500A0F56A /* linearSearch.swift */ = {isa = PBXFileReference; lastKnownFileType = sourcecode.swift; path = linearSearch.swift; sourceTree = "<group>"; };
		DC801B922B9CD4AB00A0F56A /* goodPairs.swift */ = {isa = PBXFileReference; lastKnownFileType = sourcecode.swift; path = goodPairs.swift; sourceTree = "<group>"; };
		DC801B942B9CD77700A0F56A /* removeDuplicates.swift */ = {isa = PBXFileReference; lastKnownFileType = sourcecode.swift; path = removeDuplicates.swift; sourceTree = "<group>"; };
		DC801B962B9CD92B00A0F56A /* arrayConcatenation.swift */ = {isa = PBXFileReference; lastKnownFileType = sourcecode.swift; path = arrayConcatenation.swift; sourceTree = "<group>"; };
		DC801B982B9CDAFA00A0F56A /* ErrorHandling.swift */ = {isa = PBXFileReference; lastKnownFileType = sourcecode.swift; path = ErrorHandling.swift; sourceTree = "<group>"; };
		DC801B9A2B9D8F5500A0F56A /* minMaxSum.swift */ = {isa = PBXFileReference; lastKnownFileType = sourcecode.swift; path = minMaxSum.swift; sourceTree = "<group>"; };
		DC801B9C2B9DAFA100A0F56A /* Stack.swift */ = {isa = PBXFileReference; lastKnownFileType = sourcecode.swift; path = Stack.swift; sourceTree = "<group>"; };
		DC8B04532BBFEC2A00DCFD1A /* Hoc.swift */ = {isa = PBXFileReference; lastKnownFileType = sourcecode.swift; path = Hoc.swift; sourceTree = "<group>"; };
		DC8C6A222BD398C600D2BDDF /* twoSum.js */ = {isa = PBXFileReference; lastKnownFileType = sourcecode.javascript; path = twoSum.js; sourceTree = "<group>"; };
		DC91F6982D8885010036DFE4 /* favouriteSinger.swift */ = {isa = PBXFileReference; lastKnownFileType = sourcecode.swift; path = favouriteSinger.swift; sourceTree = "<group>"; };
		DC91F69A2D89D77F0036DFE4 /* Zoos.swift */ = {isa = PBXFileReference; lastKnownFileType = sourcecode.swift; path = Zoos.swift; sourceTree = "<group>"; };
		DC91F69C2D89DA500036DFE4 /* divisibility.swift */ = {isa = PBXFileReference; lastKnownFileType = sourcecode.swift; path = divisibility.swift; sourceTree = "<group>"; };
		DC91F69E2D89E13A0036DFE4 /* palindromeString.swift */ = {isa = PBXFileReference; lastKnownFileType = sourcecode.swift; path = palindromeString.swift; sourceTree = "<group>"; };
		DCACBF872BA97742008D4A1F /* TypeAlias.swift */ = {isa = PBXFileReference; lastKnownFileType = sourcecode.swift; path = TypeAlias.swift; sourceTree = "<group>"; };
		DCACBF892BA97A3C008D4A1F /* AssociatedTypes.swift */ = {isa = PBXFileReference; lastKnownFileType = sourcecode.swift; path = AssociatedTypes.swift; sourceTree = "<group>"; };
		DCACC3982D8C114100D48635 /* countDivisors.swift */ = {isa = PBXFileReference; lastKnownFileType = sourcecode.swift; path = countDivisors.swift; sourceTree = "<group>"; };
		DCDF7DD52CDCA99900EB069E /* Notes.md */ = {isa = PBXFileReference; lastKnownFileType = net.daringfireball.markdown; path = Notes.md; sourceTree = "<group>"; };
		DCDF7DD62CDCB46C00EB069E /* MutatingAndInout.swift */ = {isa = PBXFileReference; lastKnownFileType = sourcecode.swift; path = MutatingAndInout.swift; sourceTree = "<group>"; };
		DCDF7DD82CDCB9C400EB069E /* ComputedAndStoredProperties.swift */ = {isa = PBXFileReference; lastKnownFileType = sourcecode.swift; path = ComputedAndStoredProperties.swift; sourceTree = "<group>"; };
		DCE93A202BC437AD00B1474C /* LinkedList.swift */ = {isa = PBXFileReference; lastKnownFileType = sourcecode.swift; path = LinkedList.swift; sourceTree = "<group>"; };
		DCE93A222BC461CA00B1474C /* majorityElement.swift */ = {isa = PBXFileReference; lastKnownFileType = sourcecode.swift; path = majorityElement.swift; sourceTree = "<group>"; };
		DCE93A242BC4652500B1474C /* sortColors.swift */ = {isa = PBXFileReference; lastKnownFileType = sourcecode.swift; path = sortColors.swift; sourceTree = "<group>"; };
/* End PBXFileReference section */

/* Begin PBXFrameworksBuildPhase section */
		DC801B792B9CCE0900A0F56A /* Frameworks */ = {
			isa = PBXFrameworksBuildPhase;
			buildActionMask = 2147483647;
			files = (
			);
			runOnlyForDeploymentPostprocessing = 0;
		};
/* End PBXFrameworksBuildPhase section */

/* Begin PBXGroup section */
		DC3F00082BB9BD69003EAB39 /* json-parser */ = {
			isa = PBXGroup;
			children = (
				DC3F00092BB9BD79003EAB39 /* JSONParser.swift */,
				DC3F000B2BB9BEE7003EAB39 /* JSONParsingError.swift */,
				DC3F000D2BB9BFCD003EAB39 /* testJsonParsing.swift */,
			);
			path = "json-parser";
			sourceTree = "<group>";
		};
		DC3F004B2BBAA54E003EAB39 /* delegate-pattern */ = {
			isa = PBXGroup;
			children = (
				DC3F00532BBAA73C003EAB39 /* image-downloader-example */,
				DC3F00522BBAA716003EAB39 /* manager-developer-example */,
			);
			path = "delegate-pattern";
			sourceTree = "<group>";
		};
		DC3F00522BBAA716003EAB39 /* manager-developer-example */ = {
			isa = PBXGroup;
			children = (
				DC3F004C2BBAA565003EAB39 /* AdditionProtocol.swift */,
				DC3F004E2BBAA582003EAB39 /* Manager.swift */,
				DC3F00502BBAA5AC003EAB39 /* Developer.swift */,
			);
			path = "manager-developer-example";
			sourceTree = "<group>";
		};
		DC3F00532BBAA73C003EAB39 /* image-downloader-example */ = {
			isa = PBXGroup;
			children = (
				DC3F00542BBAA74A003EAB39 /* ImageDownloader.swift */,
				DC3F00562BBAA796003EAB39 /* ProfileImageViewer.swift */,
				DC3F00582BBAA7C3003EAB39 /* ImageDownloadProtocol.swift */,
			);
			path = "image-downloader-example";
			sourceTree = "<group>";
		};
		DC3F00B02BBB0418003EAB39 /* codables-demo */ = {
			isa = PBXGroup;
			children = (
				DC3F00B12BBB0456003EAB39 /* mock.json */,
				DC3F00B22BBB04F4003EAB39 /* Article.swift */,
				DC3F00B42BBB0531003EAB39 /* Models.swift */,
				DC3F00B62BBB0782003EAB39 /* testJsonParsingFromFile.swift */,
			);
			path = "codables-demo";
			sourceTree = "<group>";
		};
		DC3F01112BBC09D2003EAB39 /* builder-pattern */ = {
			isa = PBXGroup;
			children = (
				DC3F01122BBC0A3E003EAB39 /* Hamburger.swift */,
				DC3F01142BBC0AE9003EAB39 /* HamburgerBuilder.swift */,
				DC3F01162BBC0C1E003EAB39 /* BurgerShop.swift */,
			);
			path = "builder-pattern";
			sourceTree = "<group>";
		};
		DC3F53EE2DC2B88200AE4BE2 /* google prep */ = {
			isa = PBXGroup;
			children = (
				DC3F53EF2DC2B9A900AE4BE2 /* graphs */,
			);
			path = "google prep";
			sourceTree = "<group>";
		};
		DC3F53EF2DC2B9A900AE4BE2 /* graphs */ = {
			isa = PBXGroup;
			children = (
				DC3F53FA2DC375D300AE4BE2 /* Graph.swift */,
				DC3F53F62DC2CA5E00AE4BE2 /* dfs.swift */,
				DC3F53F42DC2C50F00AE4BE2 /* bfs.swift */,
				DC3F53F02DC2BD8000AE4BE2 /* adjanceyMatrix.swift */,
			);
			path = graphs;
			sourceTree = "<group>";
		};
		DC67F3E12BBC9A45002D9643 /* atcoder */ = {
			isa = PBXGroup;
			children = (
				DC67F3E22BBC9A50002D9643 /* divisible.swift */,
			);
			path = atcoder;
			sourceTree = "<group>";
		};
		DC6C94A22BB5F7C9008717A7 /* analytics */ = {
			isa = PBXGroup;
			children = (
				DC6C94A32BB5F7FA008717A7 /* AnalyticsProvider.swift */,
				DC6C94A52BB5F813008717A7 /* Event.swift */,
				DC6C94A92BB5F924008717A7 /* AnalyticsManager.swift */,
				DC6C94AB2BB5F9B9008717A7 /* AnalyticsError.swift */,
				DC6C94AD2BB5FA1F008717A7 /* CustomAnalyticsProvider.swift */,
			);
			path = analytics;
			sourceTree = "<group>";
		};
		DC7591002BB485890077F260 /* logger */ = {
			isa = PBXGroup;
			children = (
				DC7591012BB485940077F260 /* Logger.swift */,
				DC7591032BB486B30077F260 /* LogLevel.swift */,
				DC7591052BB487660077F260 /* Context.swift */,
			);
			path = logger;
			sourceTree = "<group>";
		};
		DC7591072BB4AD280077F260 /* concurrency */ = {
			isa = PBXGroup;
			children = (
				DC7591082BB4AD3E0077F260 /* CustomThread.swift */,
				DC7E44752BB9AB2000D4A4C8 /* DispatchGroupExample.swift */,
			);
			path = concurrency;
			sourceTree = "<group>";
		};
		DC7E44562BB94E3B00D4A4C8 /* patterns */ = {
			isa = PBXGroup;
			children = (
				DC3F01112BBC09D2003EAB39 /* builder-pattern */,
				DC7E44572BB94E4E00D4A4C8 /* factory-pattern */,
			);
			path = patterns;
			sourceTree = "<group>";
		};
		DC7E44572BB94E4E00D4A4C8 /* factory-pattern */ = {
			isa = PBXGroup;
			children = (
				DC7E44582BB94E7C00D4A4C8 /* ReportViewModel.swift */,
				DC7E445A2BB953A200D4A4C8 /* Report.swift */,
				DC7E445C2BB9543B00D4A4C8 /* ReportType.swift */,
				DC7E445F2BB9546900D4A4C8 /* TaxReport.swift */,
				DC7E44612BB954A400D4A4C8 /* ProfitReport.swift */,
				DC7E44632BB9561800D4A4C8 /* ReportFactory.swift */,
			);
			path = "factory-pattern";
			sourceTree = "<group>";
		};
		DC7E44652BB95D9300D4A4C8 /* custom-dispatch-group */ = {
			isa = PBXGroup;
			children = (
				DC7E44662BB95DA300D4A4C8 /* protocols */,
				DC7E446D2BB95E6900D4A4C8 /* TaskRegistrationManager.swift */,
				DC7E446F2BB95F0500D4A4C8 /* CompletionHandlerManager.swift */,
				DC7E44712BB9604D00D4A4C8 /* WaitTimeManager.swift */,
				DC7E44732BB9615800D4A4C8 /* CustomDispatchGroup.swift */,
			);
			path = "custom-dispatch-group";
			sourceTree = "<group>";
		};
		DC7E44662BB95DA300D4A4C8 /* protocols */ = {
			isa = PBXGroup;
			children = (
				DC7E44672BB95DB600D4A4C8 /* TaskRegistrationManageable.swift */,
				DC7E44692BB95DDD00D4A4C8 /* CompletionHandleable.swift */,
				DC7E446B2BB95E2000D4A4C8 /* WaitTimeManageable.swift */,
			);
			path = protocols;
			sourceTree = "<group>";
		};
		DC7E44772BB9B03B00D4A4C8 /* api-calls */ = {
			isa = PBXGroup;
			children = (
				DC7E44782BB9B04700D4A4C8 /* StarWarApi.swift */,
			);
			path = "api-calls";
			sourceTree = "<group>";
		};
		DC801B732B9CCE0900A0F56A = {
			isa = PBXGroup;
			children = (
				DC801B7E2B9CCE0900A0F56A /* problem-solving-swift */,
				DC801B7D2B9CCE0900A0F56A /* Products */,
			);
			sourceTree = "<group>";
		};
		DC801B7D2B9CCE0900A0F56A /* Products */ = {
			isa = PBXGroup;
			children = (
				DC801B7C2B9CCE0900A0F56A /* problem-solving-swift */,
			);
			name = Products;
			sourceTree = "<group>";
		};
		DC801B7E2B9CCE0900A0F56A /* problem-solving-swift */ = {
			isa = PBXGroup;
			children = (
				DC3F53EE2DC2B88200AE4BE2 /* google prep */,
				DC91F6972D8884E30036DFE4 /* hackerearth */,
				DCDF7DD52CDCA99900EB069E /* Notes.md */,
				DC67F3E12BBC9A45002D9643 /* atcoder */,
				DC3F00B02BBB0418003EAB39 /* codables-demo */,
				DC3F004B2BBAA54E003EAB39 /* delegate-pattern */,
				DC3F00082BB9BD69003EAB39 /* json-parser */,
				DC7E44772BB9B03B00D4A4C8 /* api-calls */,
				DC7E44652BB95D9300D4A4C8 /* custom-dispatch-group */,
				DC7E44562BB94E3B00D4A4C8 /* patterns */,
				DC6C94A22BB5F7C9008717A7 /* analytics */,
				DC7591072BB4AD280077F260 /* concurrency */,
				DC7591002BB485890077F260 /* logger */,
				DC801B8B2B9CCF0A00A0F56A /* swift */,
				DC801B882B9CCE2600A0F56A /* leetcode */,
				DC801B872B9CCE1F00A0F56A /* algorithms */,
				DC801B862B9CCE1A00A0F56A /* ds */,
				DC801B7F2B9CCE0900A0F56A /* main.swift */,
			);
			path = "problem-solving-swift";
			sourceTree = "<group>";
		};
		DC801B862B9CCE1A00A0F56A /* ds */ = {
			isa = PBXGroup;
			children = (
				DC801B9C2B9DAFA100A0F56A /* Stack.swift */,
				DC2000A82B9F122700CF7DA4 /* Queue.swift */,
				DCE93A202BC437AD00B1474C /* LinkedList.swift */,
			);
			path = ds;
			sourceTree = "<group>";
		};
		DC801B872B9CCE1F00A0F56A /* algorithms */ = {
			isa = PBXGroup;
			children = (
				DC801B902B9CD1E500A0F56A /* linearSearch.swift */,
				DC21DF442BC044DB002743C4 /* kadanes.swift */,
				DC21DF4E2BC063B7002743C4 /* binarySearch.swift */,
				DC14EFE42BC67F8800586FE8 /* mergeSort.swift */,
			);
			path = algorithms;
			sourceTree = "<group>";
		};
		DC801B882B9CCE2600A0F56A /* leetcode */ = {
			isa = PBXGroup;
			children = (
				DC801B922B9CD4AB00A0F56A /* goodPairs.swift */,
				DC801B942B9CD77700A0F56A /* removeDuplicates.swift */,
				DC801B962B9CD92B00A0F56A /* arrayConcatenation.swift */,
				DC801B9A2B9D8F5500A0F56A /* minMaxSum.swift */,
				DC21DF462BC0493B002743C4 /* stocksBuyAndSell.swift */,
				DC21DF482BC05255002743C4 /* containsDuplicate.swift */,
				DC21DF4A2BC05586002743C4 /* Anagram.swift */,
				DC21DF4C2BC05F86002743C4 /* twoSum.swift */,
				DC21DF502BC12A42002743C4 /* topElement.swift */,
				DCE93A222BC461CA00B1474C /* majorityElement.swift */,
				DCE93A242BC4652500B1474C /* sortColors.swift */,
				DC14EFD42BC566A100586FE8 /* setMatrixZero.swift */,
				DC14EFD62BC57C4600586FE8 /* missingAndRepeating.swift */,
				DC14EFD82BC588B400586FE8 /* findDuplicate.swift */,
				DC14EFDA2BC5936700586FE8 /* rotateMatrix.swift */,
				DC14EFDC2BC598F500586FE8 /* mergeSortedArrays.swift */,
				DC14EFDE2BC59D3400586FE8 /* searchMatrix.swift */,
				DC14EFE02BC5AEC500586FE8 /* majorityElement-II.swift */,
				DC14EFE22BC67E6F00586FE8 /* powerOf2.swift */,
				DC14EFE62BC6946D00586FE8 /* countReversePairs.swift */,
				DC2B06252BC6E9B200B585FA /* reverseList.swift */,
				DC2B06272BC6ECDD00B585FA /* middleOfLinkedList.swift */,
				DC2B06292BC6EEF600B585FA /* palindromeList.swift */,
				DC2B062B2BC7117100B585FA /* reverseLinkedList.swift */,
				DC2B062D2BC7127000B585FA /* addNumbersAsLinkedList.swift */,
				DC2B062F2BC7191E00B585FA /* cycleInLinkedList.swift */,
				DC2B06312BC71CAA00B585FA /* detectStartingOfLoopLinkedList.swift */,
				DC2B06332BC7256700B585FA /* intersectionOfLinkedList.swift */,
				DC2B06392BC7BF7B00B585FA /* validParenthesis.swift */,
				DC8C6A222BD398C600D2BDDF /* twoSum.js */,
				8A392EE32C3462F0008A4383 /* palindromeNumber.swift */,
				8A3DA2952C6296E900FDEB7B /* singleNumber.swift */,
			);
			path = leetcode;
			sourceTree = "<group>";
		};
		DC801B8B2B9CCF0A00A0F56A /* swift */ = {
			isa = PBXGroup;
			children = (
				DCDF7DD82CDCB9C400EB069E /* ComputedAndStoredProperties.swift */,
				DCDF7DD62CDCB46C00EB069E /* MutatingAndInout.swift */,
				DC801B8C2B9CCF1600A0F56A /* NetworkCalls.swift */,
				DC801B982B9CDAFA00A0F56A /* ErrorHandling.swift */,
				DCACBF872BA97742008D4A1F /* TypeAlias.swift */,
				DCACBF892BA97A3C008D4A1F /* AssociatedTypes.swift */,
				DC8B04532BBFEC2A00DCFD1A /* Hoc.swift */,
				8A6411A72BE4E07B0067B703 /* Closures.swift */,
				8A4514D72C0062A20006EEBB /* Annotation.swift */,
			);
			path = swift;
			sourceTree = "<group>";
		};
		DC91F6972D8884E30036DFE4 /* hackerearth */ = {
			isa = PBXGroup;
			children = (
				DCACC3982D8C114100D48635 /* countDivisors.swift */,
				DC91F69E2D89E13A0036DFE4 /* palindromeString.swift */,
				DC91F69C2D89DA500036DFE4 /* divisibility.swift */,
				DC91F69A2D89D77F0036DFE4 /* Zoos.swift */,
				DC91F6982D8885010036DFE4 /* favouriteSinger.swift */,
			);
			path = hackerearth;
			sourceTree = "<group>";
		};
/* End PBXGroup section */

/* Begin PBXNativeTarget section */
		DC801B7B2B9CCE0900A0F56A /* problem-solving-swift */ = {
			isa = PBXNativeTarget;
			buildConfigurationList = DC801B832B9CCE0900A0F56A /* Build configuration list for PBXNativeTarget "problem-solving-swift" */;
			buildPhases = (
				DC801B782B9CCE0900A0F56A /* Sources */,
				DC801B792B9CCE0900A0F56A /* Frameworks */,
				DC801B7A2B9CCE0900A0F56A /* CopyFiles */,
			);
			buildRules = (
			);
			dependencies = (
			);
			name = "problem-solving-swift";
			productName = "problem-solving-swift";
			productReference = DC801B7C2B9CCE0900A0F56A /* problem-solving-swift */;
			productType = "com.apple.product-type.tool";
		};
/* End PBXNativeTarget section */

/* Begin PBXProject section */
		DC801B742B9CCE0900A0F56A /* Project object */ = {
			isa = PBXProject;
			attributes = {
				BuildIndependentTargetsInParallel = 1;
				LastSwiftUpdateCheck = 1530;
				LastUpgradeCheck = 1530;
				TargetAttributes = {
					DC801B7B2B9CCE0900A0F56A = {
						CreatedOnToolsVersion = 15.3;
					};
				};
			};
			buildConfigurationList = DC801B772B9CCE0900A0F56A /* Build configuration list for PBXProject "problem-solving-swift" */;
			compatibilityVersion = "Xcode 14.0";
			developmentRegion = en;
			hasScannedForEncodings = 0;
			knownRegions = (
				en,
				Base,
			);
			mainGroup = DC801B732B9CCE0900A0F56A;
			productRefGroup = DC801B7D2B9CCE0900A0F56A /* Products */;
			projectDirPath = "";
			projectRoot = "";
			targets = (
				DC801B7B2B9CCE0900A0F56A /* problem-solving-swift */,
			);
		};
/* End PBXProject section */

/* Begin PBXSourcesBuildPhase section */
		DC801B782B9CCE0900A0F56A /* Sources */ = {
			isa = PBXSourcesBuildPhase;
			buildActionMask = 2147483647;
			files = (
				DC2B063A2BC7BF7B00B585FA /* validParenthesis.swift in Sources */,
				DC3F53F72DC2CA6000AE4BE2 /* dfs.swift in Sources */,
				DC7E44742BB9615800D4A4C8 /* CustomDispatchGroup.swift in Sources */,
				DC21DF4F2BC063B7002743C4 /* binarySearch.swift in Sources */,
				DC21DF452BC044DB002743C4 /* kadanes.swift in Sources */,
				DC3F00572BBAA796003EAB39 /* ProfileImageViewer.swift in Sources */,
				DC21DF512BC12A42002743C4 /* topElement.swift in Sources */,
				DC3F00B32BBB04F4003EAB39 /* Article.swift in Sources */,
				DC2B06322BC71CAA00B585FA /* detectStartingOfLoopLinkedList.swift in Sources */,
				DC7E446C2BB95E2000D4A4C8 /* WaitTimeManageable.swift in Sources */,
				DC3F00B52BBB0531003EAB39 /* Models.swift in Sources */,
				8A6411A82BE4E07B0067B703 /* Closures.swift in Sources */,
				DC7591092BB4AD3E0077F260 /* CustomThread.swift in Sources */,
				DC7E445D2BB9543B00D4A4C8 /* ReportType.swift in Sources */,
				DC6C94AE2BB5FA1F008717A7 /* CustomAnalyticsProvider.swift in Sources */,
				DC801B972B9CD92B00A0F56A /* arrayConcatenation.swift in Sources */,
				DC14EFE32BC67E6F00586FE8 /* powerOf2.swift in Sources */,
				DC3F00512BBAA5AC003EAB39 /* Developer.swift in Sources */,
				DC2B062A2BC6EEF600B585FA /* palindromeList.swift in Sources */,
				DC801B9D2B9DAFA100A0F56A /* Stack.swift in Sources */,
				DC14EFD92BC588B400586FE8 /* findDuplicate.swift in Sources */,
				DC7E44722BB9604D00D4A4C8 /* WaitTimeManager.swift in Sources */,
				DC14EFD52BC566A100586FE8 /* setMatrixZero.swift in Sources */,
				DC3F000E2BB9BFCD003EAB39 /* testJsonParsing.swift in Sources */,
				DC67F3E32BBC9A50002D9643 /* divisible.swift in Sources */,
				DC801B9B2B9D8F5500A0F56A /* minMaxSum.swift in Sources */,
				DC3F00552BBAA74A003EAB39 /* ImageDownloader.swift in Sources */,
				DC7591062BB487660077F260 /* Context.swift in Sources */,
				DC7E44622BB954A400D4A4C8 /* ProfitReport.swift in Sources */,
				DC7E445B2BB953A200D4A4C8 /* Report.swift in Sources */,
				DC801B912B9CD1E500A0F56A /* linearSearch.swift in Sources */,
				DC21DF4B2BC05586002743C4 /* Anagram.swift in Sources */,
				DC21DF492BC05255002743C4 /* containsDuplicate.swift in Sources */,
				DC91F69B2D89D7820036DFE4 /* Zoos.swift in Sources */,
				DC7E44792BB9B04700D4A4C8 /* StarWarApi.swift in Sources */,
				DC3F53FB2DC375DB00AE4BE2 /* Graph.swift in Sources */,
				DC801B992B9CDAFA00A0F56A /* ErrorHandling.swift in Sources */,
				DC7E44702BB95F0500D4A4C8 /* CompletionHandlerManager.swift in Sources */,
				DC7E44762BB9AB2000D4A4C8 /* DispatchGroupExample.swift in Sources */,
				DC14EFE12BC5AEC500586FE8 /* majorityElement-II.swift in Sources */,
				DC3F000C2BB9BEE7003EAB39 /* JSONParsingError.swift in Sources */,
				DC14EFE52BC67F8800586FE8 /* mergeSort.swift in Sources */,
				DC6C94A42BB5F7FA008717A7 /* AnalyticsProvider.swift in Sources */,
				DC8B04542BBFEC2A00DCFD1A /* Hoc.swift in Sources */,
				DCACBF882BA97742008D4A1F /* TypeAlias.swift in Sources */,
				DC7E44642BB9561800D4A4C8 /* ReportFactory.swift in Sources */,
				DC6C94AC2BB5F9B9008717A7 /* AnalyticsError.swift in Sources */,
				8A3DA2962C6296E900FDEB7B /* singleNumber.swift in Sources */,
				DCE93A252BC4652500B1474C /* sortColors.swift in Sources */,
				DC2B062C2BC7117100B585FA /* reverseLinkedList.swift in Sources */,
				DC3F004D2BBAA565003EAB39 /* AdditionProtocol.swift in Sources */,
				DC2000A92B9F122700CF7DA4 /* Queue.swift in Sources */,
				DC7E44682BB95DB600D4A4C8 /* TaskRegistrationManageable.swift in Sources */,
				DCDF7DD92CDCB9CE00EB069E /* ComputedAndStoredProperties.swift in Sources */,
				DCDF7DD72CDCB47200EB069E /* MutatingAndInout.swift in Sources */,
				DC6C94A62BB5F813008717A7 /* Event.swift in Sources */,
				DC7E44602BB9546900D4A4C8 /* TaxReport.swift in Sources */,
				DC801B802B9CCE0900A0F56A /* main.swift in Sources */,
				8A392EE42C3462F0008A4383 /* palindromeNumber.swift in Sources */,
				DC14EFDF2BC59D3400586FE8 /* searchMatrix.swift in Sources */,
				DC3F00592BBAA7C3003EAB39 /* ImageDownloadProtocol.swift in Sources */,
				DC3F004F2BBAA582003EAB39 /* Manager.swift in Sources */,
				DC801B932B9CD4AB00A0F56A /* goodPairs.swift in Sources */,
				DC6C94AA2BB5F924008717A7 /* AnalyticsManager.swift in Sources */,
				DC7591022BB485940077F260 /* Logger.swift in Sources */,
				DCACC3992D8C114600D48635 /* countDivisors.swift in Sources */,
				DC2B06282BC6ECDD00B585FA /* middleOfLinkedList.swift in Sources */,
				DC2B06342BC7256700B585FA /* intersectionOfLinkedList.swift in Sources */,
				DC14EFDD2BC598F500586FE8 /* mergeSortedArrays.swift in Sources */,
				DC2B062E2BC7127000B585FA /* addNumbersAsLinkedList.swift in Sources */,
				DC3F53F52DC2C51600AE4BE2 /* bfs.swift in Sources */,
				DC7E446E2BB95E6900D4A4C8 /* TaskRegistrationManager.swift in Sources */,
				DC21DF472BC0493B002743C4 /* stocksBuyAndSell.swift in Sources */,
				DC7E446A2BB95DDD00D4A4C8 /* CompletionHandleable.swift in Sources */,
				DC3F01132BBC0A3E003EAB39 /* Hamburger.swift in Sources */,
				DC21DF4D2BC05F86002743C4 /* twoSum.swift in Sources */,
				DC3F53F12DC2BD8600AE4BE2 /* adjanceyMatrix.swift in Sources */,
				DCE93A212BC437AD00B1474C /* LinkedList.swift in Sources */,
				DC14EFE72BC6946D00586FE8 /* countReversePairs.swift in Sources */,
				DCACBF8A2BA97A3C008D4A1F /* AssociatedTypes.swift in Sources */,
				DC2B06302BC7191E00B585FA /* cycleInLinkedList.swift in Sources */,
				DC3F01152BBC0AE9003EAB39 /* HamburgerBuilder.swift in Sources */,
				DC3F00B72BBB0782003EAB39 /* testJsonParsingFromFile.swift in Sources */,
				DC91F6992D88850A0036DFE4 /* favouriteSinger.swift in Sources */,
				DC14EFDB2BC5936700586FE8 /* rotateMatrix.swift in Sources */,
				DC3F000A2BB9BD79003EAB39 /* JSONParser.swift in Sources */,
				DC7E44592BB94E7C00D4A4C8 /* ReportViewModel.swift in Sources */,
				DC91F69F2D89E13D0036DFE4 /* palindromeString.swift in Sources */,
				DC7591042BB486B30077F260 /* LogLevel.swift in Sources */,
				DC14EFD72BC57C4600586FE8 /* missingAndRepeating.swift in Sources */,
				DC801B952B9CD77700A0F56A /* removeDuplicates.swift in Sources */,
				DC2B06262BC6E9B200B585FA /* reverseList.swift in Sources */,
				DCE93A232BC461CA00B1474C /* majorityElement.swift in Sources */,
				DC801B8D2B9CCF1600A0F56A /* NetworkCalls.swift in Sources */,
				8A4514D82C0062A20006EEBB /* Annotation.swift in Sources */,
				DC3F01172BBC0C1E003EAB39 /* BurgerShop.swift in Sources */,
				DC91F69D2D89DA580036DFE4 /* divisibility.swift in Sources */,
			);
			runOnlyForDeploymentPostprocessing = 0;
		};
/* End PBXSourcesBuildPhase section */

/* Begin XCBuildConfiguration section */
		DC801B812B9CCE0900A0F56A /* Debug */ = {
			isa = XCBuildConfiguration;
			buildSettings = {
				ALWAYS_SEARCH_USER_PATHS = NO;
				ASSETCATALOG_COMPILER_GENERATE_SWIFT_ASSET_SYMBOL_EXTENSIONS = YES;
				CLANG_ANALYZER_NONNULL = YES;
				CLANG_ANALYZER_NUMBER_OBJECT_CONVERSION = YES_AGGRESSIVE;
				CLANG_CXX_LANGUAGE_STANDARD = "gnu++20";
				CLANG_ENABLE_MODULES = YES;
				CLANG_ENABLE_OBJC_ARC = YES;
				CLANG_ENABLE_OBJC_WEAK = YES;
				CLANG_WARN_BLOCK_CAPTURE_AUTORELEASING = YES;
				CLANG_WARN_BOOL_CONVERSION = YES;
				CLANG_WARN_COMMA = YES;
				CLANG_WARN_CONSTANT_CONVERSION = YES;
				CLANG_WARN_DEPRECATED_OBJC_IMPLEMENTATIONS = YES;
				CLANG_WARN_DIRECT_OBJC_ISA_USAGE = YES_ERROR;
				CLANG_WARN_DOCUMENTATION_COMMENTS = YES;
				CLANG_WARN_EMPTY_BODY = YES;
				CLANG_WARN_ENUM_CONVERSION = YES;
				CLANG_WARN_INFINITE_RECURSION = YES;
				CLANG_WARN_INT_CONVERSION = YES;
				CLANG_WARN_NON_LITERAL_NULL_CONVERSION = YES;
				CLANG_WARN_OBJC_IMPLICIT_RETAIN_SELF = YES;
				CLANG_WARN_OBJC_LITERAL_CONVERSION = YES;
				CLANG_WARN_OBJC_ROOT_CLASS = YES_ERROR;
				CLANG_WARN_QUOTED_INCLUDE_IN_FRAMEWORK_HEADER = YES;
				CLANG_WARN_RANGE_LOOP_ANALYSIS = YES;
				CLANG_WARN_STRICT_PROTOTYPES = YES;
				CLANG_WARN_SUSPICIOUS_MOVE = YES;
				CLANG_WARN_UNGUARDED_AVAILABILITY = YES_AGGRESSIVE;
				CLANG_WARN_UNREACHABLE_CODE = YES;
				CLANG_WARN__DUPLICATE_METHOD_MATCH = YES;
				COPY_PHASE_STRIP = NO;
				DEBUG_INFORMATION_FORMAT = dwarf;
				ENABLE_STRICT_OBJC_MSGSEND = YES;
				ENABLE_TESTABILITY = YES;
				ENABLE_USER_SCRIPT_SANDBOXING = YES;
				GCC_C_LANGUAGE_STANDARD = gnu17;
				GCC_DYNAMIC_NO_PIC = NO;
				GCC_NO_COMMON_BLOCKS = YES;
				GCC_OPTIMIZATION_LEVEL = 0;
				GCC_PREPROCESSOR_DEFINITIONS = (
					"DEBUG=1",
					"$(inherited)",
				);
				GCC_WARN_64_TO_32_BIT_CONVERSION = YES;
				GCC_WARN_ABOUT_RETURN_TYPE = YES_ERROR;
				GCC_WARN_UNDECLARED_SELECTOR = YES;
				GCC_WARN_UNINITIALIZED_AUTOS = YES_AGGRESSIVE;
				GCC_WARN_UNUSED_FUNCTION = YES;
				GCC_WARN_UNUSED_VARIABLE = YES;
				LOCALIZATION_PREFERS_STRING_CATALOGS = YES;
				MACOSX_DEPLOYMENT_TARGET = 14.4;
				MTL_ENABLE_DEBUG_INFO = INCLUDE_SOURCE;
				MTL_FAST_MATH = YES;
				ONLY_ACTIVE_ARCH = YES;
				SDKROOT = macosx;
				SWIFT_ACTIVE_COMPILATION_CONDITIONS = "DEBUG $(inherited)";
				SWIFT_OPTIMIZATION_LEVEL = "-Onone";
			};
			name = Debug;
		};
		DC801B822B9CCE0900A0F56A /* Release */ = {
			isa = XCBuildConfiguration;
			buildSettings = {
				ALWAYS_SEARCH_USER_PATHS = NO;
				ASSETCATALOG_COMPILER_GENERATE_SWIFT_ASSET_SYMBOL_EXTENSIONS = YES;
				CLANG_ANALYZER_NONNULL = YES;
				CLANG_ANALYZER_NUMBER_OBJECT_CONVERSION = YES_AGGRESSIVE;
				CLANG_CXX_LANGUAGE_STANDARD = "gnu++20";
				CLANG_ENABLE_MODULES = YES;
				CLANG_ENABLE_OBJC_ARC = YES;
				CLANG_ENABLE_OBJC_WEAK = YES;
				CLANG_WARN_BLOCK_CAPTURE_AUTORELEASING = YES;
				CLANG_WARN_BOOL_CONVERSION = YES;
				CLANG_WARN_COMMA = YES;
				CLANG_WARN_CONSTANT_CONVERSION = YES;
				CLANG_WARN_DEPRECATED_OBJC_IMPLEMENTATIONS = YES;
				CLANG_WARN_DIRECT_OBJC_ISA_USAGE = YES_ERROR;
				CLANG_WARN_DOCUMENTATION_COMMENTS = YES;
				CLANG_WARN_EMPTY_BODY = YES;
				CLANG_WARN_ENUM_CONVERSION = YES;
				CLANG_WARN_INFINITE_RECURSION = YES;
				CLANG_WARN_INT_CONVERSION = YES;
				CLANG_WARN_NON_LITERAL_NULL_CONVERSION = YES;
				CLANG_WARN_OBJC_IMPLICIT_RETAIN_SELF = YES;
				CLANG_WARN_OBJC_LITERAL_CONVERSION = YES;
				CLANG_WARN_OBJC_ROOT_CLASS = YES_ERROR;
				CLANG_WARN_QUOTED_INCLUDE_IN_FRAMEWORK_HEADER = YES;
				CLANG_WARN_RANGE_LOOP_ANALYSIS = YES;
				CLANG_WARN_STRICT_PROTOTYPES = YES;
				CLANG_WARN_SUSPICIOUS_MOVE = YES;
				CLANG_WARN_UNGUARDED_AVAILABILITY = YES_AGGRESSIVE;
				CLANG_WARN_UNREACHABLE_CODE = YES;
				CLANG_WARN__DUPLICATE_METHOD_MATCH = YES;
				COPY_PHASE_STRIP = NO;
				DEBUG_INFORMATION_FORMAT = "dwarf-with-dsym";
				ENABLE_NS_ASSERTIONS = NO;
				ENABLE_STRICT_OBJC_MSGSEND = YES;
				ENABLE_USER_SCRIPT_SANDBOXING = YES;
				GCC_C_LANGUAGE_STANDARD = gnu17;
				GCC_NO_COMMON_BLOCKS = YES;
				GCC_WARN_64_TO_32_BIT_CONVERSION = YES;
				GCC_WARN_ABOUT_RETURN_TYPE = YES_ERROR;
				GCC_WARN_UNDECLARED_SELECTOR = YES;
				GCC_WARN_UNINITIALIZED_AUTOS = YES_AGGRESSIVE;
				GCC_WARN_UNUSED_FUNCTION = YES;
				GCC_WARN_UNUSED_VARIABLE = YES;
				LOCALIZATION_PREFERS_STRING_CATALOGS = YES;
				MACOSX_DEPLOYMENT_TARGET = 14.4;
				MTL_ENABLE_DEBUG_INFO = NO;
				MTL_FAST_MATH = YES;
				SDKROOT = macosx;
				SWIFT_COMPILATION_MODE = wholemodule;
			};
			name = Release;
		};
		DC801B842B9CCE0900A0F56A /* Debug */ = {
			isa = XCBuildConfiguration;
			buildSettings = {
				"CODE_SIGN_IDENTITY[sdk=macosx*]" = "-";
				CODE_SIGN_STYLE = Automatic;
				DEVELOPMENT_TEAM = ZWP9XW897T;
				ENABLE_HARDENED_RUNTIME = YES;
				MACOSX_DEPLOYMENT_TARGET = 14.3;
				PRODUCT_NAME = "$(TARGET_NAME)";
				SWIFT_VERSION = 5.0;
			};
			name = Debug;
		};
		DC801B852B9CCE0900A0F56A /* Release */ = {
			isa = XCBuildConfiguration;
			buildSettings = {
				"CODE_SIGN_IDENTITY[sdk=macosx*]" = "-";
				CODE_SIGN_STYLE = Automatic;
				DEVELOPMENT_TEAM = ZWP9XW897T;
				ENABLE_HARDENED_RUNTIME = YES;
				MACOSX_DEPLOYMENT_TARGET = 14.3;
				PRODUCT_NAME = "$(TARGET_NAME)";
				SWIFT_VERSION = 5.0;
			};
			name = Release;
		};
/* End XCBuildConfiguration section */

/* Begin XCConfigurationList section */
		DC801B772B9CCE0900A0F56A /* Build configuration list for PBXProject "problem-solving-swift" */ = {
			isa = XCConfigurationList;
			buildConfigurations = (
				DC801B812B9CCE0900A0F56A /* Debug */,
				DC801B822B9CCE0900A0F56A /* Release */,
			);
			defaultConfigurationIsVisible = 0;
			defaultConfigurationName = Release;
		};
		DC801B832B9CCE0900A0F56A /* Build configuration list for PBXNativeTarget "problem-solving-swift" */ = {
			isa = XCConfigurationList;
			buildConfigurations = (
				DC801B842B9CCE0900A0F56A /* Debug */,
				DC801B852B9CCE0900A0F56A /* Release */,
			);
			defaultConfigurationIsVisible = 0;
			defaultConfigurationName = Release;
		};
/* End XCConfigurationList section */
	};
	rootObject = DC801B742B9CCE0900A0F56A /* Project object */;
}
